
Microsoft Visual Studio Solution File, Format Version 12.00
# Visual Studio 15
VisualStudioVersion = 15.0.26730.16
MinimumVisualStudioVersion = 10.0.40219.1
Project("{FAE04EC0-301F-11D3-BF4B-00C04F79EFBC}") = "Tizen.VisualStudio.VsixSetup", "Tizen.VisualStudio.VsixSetup\Tizen.VisualStudio.VsixSetup.csproj", "{17AD6982-0972-479B-977C-731D1B68F671}"
EndProject
Project("{2150E333-8FDC-42A3-9474-1A3956D46DE8}") = "Template", "Template", "{9078D6AF-AC55-435F-AFEA-93ADC514BA89}"
EndProject
Project("{FAE04EC0-301F-11D3-BF4B-00C04F79EFBC}") = "Tizen.NET.Template.NUI", "Template\Tizen.NUI.Template.Single\Tizen.NET.Template.NUI.csproj", "{34D9CB13-AF2F-4282-B4B2-3E5A6626F742}"
EndProject
Project("{FAE04EC0-301F-11D3-BF4B-00C04F79EFBC}") = "Tizen.NET.Template.Cross.NETStandard", "Template\Tizen.NET.Template.Cross.NETStandard\Tizen.NET.Template.Cross.NETStandard.csproj", "{252F837C-9C9D-41D6-BB7A-A77BD8A65E4D}"
EndProject
Project("{FAE04EC0-301F-11D3-BF4B-00C04F79EFBC}") = "Tizen.NET.Template.NSClassLib", "Template\Tizen.NET.Template.NSClassLib\Tizen.NET.Template.NSClassLib.csproj", "{E40FA494-D127-4594-A33D-AB41E331CE47}"
EndProject
Project("{2150E333-8FDC-42A3-9474-1A3956D46DE8}") = "build", "build", "{7957F06D-CF04-48E7-B35D-EE89FC9E940C}"
	ProjectSection(SolutionItems) = preProject
		..\build\Targets\Tizen.NET.ProjectType.props = ..\build\Targets\Tizen.NET.ProjectType.props
		..\build\Targets\Tizen.NET.ProjectType.targets = ..\build\Targets\Tizen.NET.ProjectType.targets
		..\build\Targets\Tizen.Settings.targets = ..\build\Targets\Tizen.Settings.targets
		..\build\Targets\Tizen.Versions.targets = ..\build\Targets\Tizen.Versions.targets
	EndProjectSection
EndProject
Project("{FAE04EC0-301F-11D3-BF4B-00C04F79EFBC}") = "Tizen.VisualStudio.ProjectSystem.VS", "Tizen.VisualStudio.ProjectSystem.VS\Tizen.VisualStudio.ProjectSystem.VS.csproj", "{4F56329A-1974-4E6F-8282-72589A605D58}"
EndProject
Project("{FAE04EC0-301F-11D3-BF4B-00C04F79EFBC}") = "Tizen.VisualStudio.ProjectSystem", "Tizen.VisualStudio.ProjectSystem\Tizen.VisualStudio.ProjectSystem.csproj", "{D407F9DE-E591-49FC-90AD-5584D3E64FD0}"
EndProject
Project("{FAE04EC0-301F-11D3-BF4B-00C04F79EFBC}") = "Tizen.VisualStudio.Tools", "Tizen.VisualStudio.Tools\Tizen.VisualStudio.Tools.csproj", "{D8138674-7365-4EC1-8D8C-81B8B5A1B845}"
EndProject
Project("{2150E333-8FDC-42A3-9474-1A3956D46DE8}") = "Profiler", "Profiler", "{1A58103D-5BEA-4C15-B41B-6E88B2322DC9}"
EndProject
Project("{2150E333-8FDC-42A3-9474-1A3956D46DE8}") = "LiveCharts", "LiveCharts", "{FB2D9FB7-2681-4C1E-AD98-355B1F5F4EFB}"
EndProject
Project("{FAE04EC0-301F-11D3-BF4B-00C04F79EFBC}") = "Core40", "Profiler\Live-Charts\Core40\Core40.csproj", "{F261C3D7-6194-4625-9516-044081B06028}"
EndProject
Project("{FAE04EC0-301F-11D3-BF4B-00C04F79EFBC}") = "WpfView", "Profiler\Live-Charts\WpfView\WpfView.csproj", "{4D253423-AE05-47F6-A59D-9162EC0BB1F2}"
EndProject
Project("{FAE04EC0-301F-11D3-BF4B-00C04F79EFBC}") = "NetCore.Profiler.Analytics", "Profiler\NetCore.Profiler.Analytics\NetCore.Profiler.Analytics.csproj", "{FCF895E7-92F0-43FD-AE98-CF3FDBF3B766}"
EndProject
Project("{FAE04EC0-301F-11D3-BF4B-00C04F79EFBC}") = "NetCore.Profiler.Common", "Profiler\NetCore.Profiler.Common\NetCore.Profiler.Common.csproj", "{CB8C29F2-DB71-4115-8BBB-3920BB4C78D9}"
EndProject
Project("{FAE04EC0-301F-11D3-BF4B-00C04F79EFBC}") = "NetCore.Profiler.Cperf.Core", "Profiler\NetCore.Profiler.Cperf.Core\NetCore.Profiler.Cperf.Core.csproj", "{F0720E54-B379-4DAE-A95E-A4D115CB48FB}"
EndProject
Project("{FAE04EC0-301F-11D3-BF4B-00C04F79EFBC}") = "NetCore.Profiler.Cperf.LogAdaptor.Core", "Profiler\NetCore.Profiler.Cperf.LogAdaptor.Core\NetCore.Profiler.Cperf.LogAdaptor.Core.csproj", "{5EC402F4-874B-4757-BCFC-8A0BD07E4111}"
EndProject
Project("{FAE04EC0-301F-11D3-BF4B-00C04F79EFBC}") = "NetCore.Profiler.Session.Core", "Profiler\NetCore.Profiler.Session.Core\NetCore.Profiler.Session.Core.csproj", "{3A7E5FDA-98F5-4C97-8CCB-3463CA95C166}"
EndProject
Project("{FAE04EC0-301F-11D3-BF4B-00C04F79EFBC}") = "NetCore.Profiler.Extension", "Profiler\NetCore.Profiler.Extension\NetCore.Profiler.Extension.csproj", "{7511DC49-D198-4546-AC61-E44BB1FC39B5}"
EndProject
Project("{FAE04EC0-301F-11D3-BF4B-00C04F79EFBC}") = "Tizen.NET.Template.ElmSharp", "Template\Tizen.NET.Template.ElmSharp\Tizen.NET.Template.ElmSharp.csproj", "{BC436B85-1890-4ED8-9407-9AFC3263F47A}"
EndProject
Project("{2150E333-8FDC-42A3-9474-1A3956D46DE8}") = "Tools", "Tools", "{4643BD10-E515-4B17-86D9-8AE5B5F127E4}"
EndProject
Project("{FAE04EC0-301F-11D3-BF4B-00C04F79EFBC}") = "Tizen.VisualStudio.APIChecker", "Tools\Tizen.VisualStudio.APIChecker\Tizen.VisualStudio.APIChecker.csproj", "{7DADA217-E0D9-45DD-AE98-1EBE43552B55}"
EndProject
Project("{FAE04EC0-301F-11D3-BF4B-00C04F79EFBC}") = "Tizen.NET.Template.ServiceApp", "Template\Tizen.NET.Template.ServiceApp\Tizen.NET.Template.ServiceApp.csproj", "{E91A0A5A-82FD-41EA-8C9F-1A91242B5E0C}"
EndProject
Project("{FAE04EC0-301F-11D3-BF4B-00C04F79EFBC}") = "NetCat", "Tools\NetCat\NetCat.csproj", "{60AE5A97-914E-4182-8779-B9A37980381F}"
EndProject
Project("{FAE04EC0-301F-11D3-BF4B-00C04F79EFBC}") = "Tizen.NET.Template.WatchfaceApp", "Template\Tizen.NET.Template.WatchfaceApp\Tizen.NET.Template.WatchfaceApp.csproj", "{544CB8AC-583D-4ED3-9E7E-1422119D5878}"
EndProject
Project("{FAE04EC0-301F-11D3-BF4B-00C04F79EFBC}") = "Tizen.NET.Template.WearableApp", "Template\Tizen.NET.Template.WearableApp\Tizen.NET.Template.WearableApp.csproj", "{2F5A4F1D-1AC8-4E1F-8B3E-F01D4826F6A2}"
EndProject
Project("{FAE04EC0-301F-11D3-BF4B-00C04F79EFBC}") = "Tizen.NET.Template.XamlApp", "Template\Tizen.NET.Template.XamlApp\Tizen.NET.Template.XamlApp.csproj", "{95940B05-FE94-479C-90F3-687D3D4DB6E8}"
EndProject
Project("{FAE04EC0-301F-11D3-BF4B-00C04F79EFBC}") = "Tizen.NET.Template.WearableXamlApp", "Template\Tizen.NET.Template.WearableXamlApp\Tizen.NET.Template.WearableXamlApp.csproj", "{53855329-E691-42D8-860F-BC4C6FC8515F}"
EndProject
Project("{FAE04EC0-301F-11D3-BF4B-00C04F79EFBC}") = "Tizen.Native.Shared.Template", "Template\Tizen.Native.Shared.Template\Tizen.Native.Shared.Template.csproj", "{FC79A882-E8E7-4D80-86BC-71DC65BA79C1}"
EndProject
Project("{2150E333-8FDC-42A3-9474-1A3956D46DE8}") = "Template5.0", "Template5.0", "{0AAA112E-F497-4CC5-A206-B6EEF9FD6C10}"
EndProject
Project("{FAE04EC0-301F-11D3-BF4B-00C04F79EFBC}") = "Tizen.NET.Template5.Cross.NETStandard", "Template5.0\Tizen.NET.Template5.Cross.NETStandard\Tizen.NET.Template5.Cross.NETStandard.csproj", "{C9EE50DD-E955-41C8-B9B5-3E3ADB6DB2DF}"
EndProject
Project("{FAE04EC0-301F-11D3-BF4B-00C04F79EFBC}") = "Tizen.NET.Template5.ElmSharp", "Template5.0\Tizen.NET.Template5.ElmSharp\Tizen.NET.Template5.ElmSharp.csproj", "{FE34EF05-D3AB-4979-80CF-3F2B16501AD4}"
EndProject
Project("{FAE04EC0-301F-11D3-BF4B-00C04F79EFBC}") = "Tizen.NET.Template5.NSClassLib", "Template5.0\Tizen.NET.Template5.NSClassLib\Tizen.NET.Template5.NSClassLib.csproj", "{F92DCF17-B128-4C98-BA91-E8B83BB1CE43}"
EndProject
Project("{FAE04EC0-301F-11D3-BF4B-00C04F79EFBC}") = "Tizen.NET.Template5.OpenTKApp", "Template5.0\Tizen.NET.Template5.OpenTKApp\Tizen.NET.Template5.OpenTKApp.csproj", "{7F5ABBF3-0910-4D6C-B99D-961F3A1AA9AA}"
EndProject
Project("{FAE04EC0-301F-11D3-BF4B-00C04F79EFBC}") = "Tizen.NET.Template5.ServiceApp", "Template5.0\Tizen.NET.Template5.ServiceApp\Tizen.NET.Template5.ServiceApp.csproj", "{CB2D7358-C914-4A2E-9AFF-829A201B1A0D}"
EndProject
Project("{FAE04EC0-301F-11D3-BF4B-00C04F79EFBC}") = "Tizen.NET.Template5.WatchfaceApp", "Template5.0\Tizen.NET.Template5.WatchfaceApp\Tizen.NET.Template5.WatchfaceApp.csproj", "{A2404C68-6CBA-44B9-B06C-F276C6E3883E}"
EndProject
Project("{FAE04EC0-301F-11D3-BF4B-00C04F79EFBC}") = "Tizen.NET.Template5.WearableApp", "Template5.0\Tizen.NET.Template5.WearableApp\Tizen.NET.Template5.WearableApp.csproj", "{BCA13B56-6007-4C56-9EB4-743FBB7FFB11}"
EndProject
Project("{FAE04EC0-301F-11D3-BF4B-00C04F79EFBC}") = "Tizen.NET.Template5.WearableXamlApp", "Template5.0\Tizen.NET.Template5.WearableXamlApp\Tizen.NET.Template5.WearableXamlApp.csproj", "{F2009EDF-6CE4-463F-92EE-8D22D3D67BC0}"
EndProject
Project("{FAE04EC0-301F-11D3-BF4B-00C04F79EFBC}") = "Tizen.NET.Template5.XamlApp", "Template5.0\Tizen.NET.Template5.XamlApp\Tizen.NET.Template5.XamlApp.csproj", "{DEDBE4C8-6B5B-4084-8A60-E116CB507460}"
EndProject
Project("{FAE04EC0-301F-11D3-BF4B-00C04F79EFBC}") = "Tizen.NET.Template5.NUI", "Template5.0\Tizen.NUI.Template5.Single\Tizen.NET.Template5.NUI.csproj", "{932B7301-0E37-4528-9C8E-E7C472B20032}"
EndProject
Global
	GlobalSection(SolutionConfigurationPlatforms) = preSolution
		Debug|Any CPU = Debug|Any CPU
		Debug|ARM = Debug|ARM
		Debug|x86 = Debug|x86
		Release|Any CPU = Release|Any CPU
		Release|ARM = Release|ARM
		Release|x86 = Release|x86
	EndGlobalSection
	GlobalSection(ProjectConfigurationPlatforms) = postSolution
		{17AD6982-0972-479B-977C-731D1B68F671}.Debug|Any CPU.ActiveCfg = Debug|Any CPU
		{17AD6982-0972-479B-977C-731D1B68F671}.Debug|Any CPU.Build.0 = Debug|Any CPU
		{17AD6982-0972-479B-977C-731D1B68F671}.Debug|ARM.ActiveCfg = Debug|Any CPU
		{17AD6982-0972-479B-977C-731D1B68F671}.Debug|ARM.Build.0 = Debug|Any CPU
		{17AD6982-0972-479B-977C-731D1B68F671}.Debug|x86.ActiveCfg = Debug|Any CPU
		{17AD6982-0972-479B-977C-731D1B68F671}.Debug|x86.Build.0 = Debug|Any CPU
		{17AD6982-0972-479B-977C-731D1B68F671}.Release|Any CPU.ActiveCfg = Release|Any CPU
		{17AD6982-0972-479B-977C-731D1B68F671}.Release|Any CPU.Build.0 = Release|Any CPU
		{17AD6982-0972-479B-977C-731D1B68F671}.Release|ARM.ActiveCfg = Release|Any CPU
		{17AD6982-0972-479B-977C-731D1B68F671}.Release|ARM.Build.0 = Release|Any CPU
		{17AD6982-0972-479B-977C-731D1B68F671}.Release|x86.ActiveCfg = Release|Any CPU
		{17AD6982-0972-479B-977C-731D1B68F671}.Release|x86.Build.0 = Release|Any CPU
		{34D9CB13-AF2F-4282-B4B2-3E5A6626F742}.Debug|Any CPU.ActiveCfg = Debug|Any CPU
		{34D9CB13-AF2F-4282-B4B2-3E5A6626F742}.Debug|Any CPU.Build.0 = Debug|Any CPU
		{34D9CB13-AF2F-4282-B4B2-3E5A6626F742}.Debug|ARM.ActiveCfg = Debug|Any CPU
		{34D9CB13-AF2F-4282-B4B2-3E5A6626F742}.Debug|ARM.Build.0 = Debug|Any CPU
		{34D9CB13-AF2F-4282-B4B2-3E5A6626F742}.Debug|x86.ActiveCfg = Debug|Any CPU
		{34D9CB13-AF2F-4282-B4B2-3E5A6626F742}.Debug|x86.Build.0 = Debug|Any CPU
		{34D9CB13-AF2F-4282-B4B2-3E5A6626F742}.Release|Any CPU.ActiveCfg = Release|Any CPU
		{34D9CB13-AF2F-4282-B4B2-3E5A6626F742}.Release|Any CPU.Build.0 = Release|Any CPU
		{34D9CB13-AF2F-4282-B4B2-3E5A6626F742}.Release|ARM.ActiveCfg = Release|Any CPU
		{34D9CB13-AF2F-4282-B4B2-3E5A6626F742}.Release|ARM.Build.0 = Release|Any CPU
		{34D9CB13-AF2F-4282-B4B2-3E5A6626F742}.Release|x86.ActiveCfg = Release|Any CPU
		{34D9CB13-AF2F-4282-B4B2-3E5A6626F742}.Release|x86.Build.0 = Release|Any CPU
		{252F837C-9C9D-41D6-BB7A-A77BD8A65E4D}.Debug|Any CPU.ActiveCfg = Debug|Any CPU
		{252F837C-9C9D-41D6-BB7A-A77BD8A65E4D}.Debug|Any CPU.Build.0 = Debug|Any CPU
		{252F837C-9C9D-41D6-BB7A-A77BD8A65E4D}.Debug|ARM.ActiveCfg = Debug|Any CPU
		{252F837C-9C9D-41D6-BB7A-A77BD8A65E4D}.Debug|ARM.Build.0 = Debug|Any CPU
		{252F837C-9C9D-41D6-BB7A-A77BD8A65E4D}.Debug|x86.ActiveCfg = Debug|Any CPU
		{252F837C-9C9D-41D6-BB7A-A77BD8A65E4D}.Debug|x86.Build.0 = Debug|Any CPU
		{252F837C-9C9D-41D6-BB7A-A77BD8A65E4D}.Release|Any CPU.ActiveCfg = Release|Any CPU
		{252F837C-9C9D-41D6-BB7A-A77BD8A65E4D}.Release|Any CPU.Build.0 = Release|Any CPU
		{252F837C-9C9D-41D6-BB7A-A77BD8A65E4D}.Release|ARM.ActiveCfg = Release|Any CPU
		{252F837C-9C9D-41D6-BB7A-A77BD8A65E4D}.Release|ARM.Build.0 = Release|Any CPU
		{252F837C-9C9D-41D6-BB7A-A77BD8A65E4D}.Release|x86.ActiveCfg = Release|Any CPU
		{252F837C-9C9D-41D6-BB7A-A77BD8A65E4D}.Release|x86.Build.0 = Release|Any CPU
		{E40FA494-D127-4594-A33D-AB41E331CE47}.Debug|Any CPU.ActiveCfg = Debug|Any CPU
		{E40FA494-D127-4594-A33D-AB41E331CE47}.Debug|Any CPU.Build.0 = Debug|Any CPU
		{E40FA494-D127-4594-A33D-AB41E331CE47}.Debug|ARM.ActiveCfg = Debug|Any CPU
		{E40FA494-D127-4594-A33D-AB41E331CE47}.Debug|ARM.Build.0 = Debug|Any CPU
		{E40FA494-D127-4594-A33D-AB41E331CE47}.Debug|x86.ActiveCfg = Debug|Any CPU
		{E40FA494-D127-4594-A33D-AB41E331CE47}.Debug|x86.Build.0 = Debug|Any CPU
		{E40FA494-D127-4594-A33D-AB41E331CE47}.Release|Any CPU.ActiveCfg = Release|Any CPU
		{E40FA494-D127-4594-A33D-AB41E331CE47}.Release|Any CPU.Build.0 = Release|Any CPU
		{E40FA494-D127-4594-A33D-AB41E331CE47}.Release|ARM.ActiveCfg = Release|Any CPU
		{E40FA494-D127-4594-A33D-AB41E331CE47}.Release|ARM.Build.0 = Release|Any CPU
		{E40FA494-D127-4594-A33D-AB41E331CE47}.Release|x86.ActiveCfg = Release|Any CPU
		{E40FA494-D127-4594-A33D-AB41E331CE47}.Release|x86.Build.0 = Release|Any CPU
		{4F56329A-1974-4E6F-8282-72589A605D58}.Debug|Any CPU.ActiveCfg = Debug|Any CPU
		{4F56329A-1974-4E6F-8282-72589A605D58}.Debug|Any CPU.Build.0 = Debug|Any CPU
		{4F56329A-1974-4E6F-8282-72589A605D58}.Debug|ARM.ActiveCfg = Debug|Any CPU
		{4F56329A-1974-4E6F-8282-72589A605D58}.Debug|ARM.Build.0 = Debug|Any CPU
		{4F56329A-1974-4E6F-8282-72589A605D58}.Debug|x86.ActiveCfg = Debug|Any CPU
		{4F56329A-1974-4E6F-8282-72589A605D58}.Debug|x86.Build.0 = Debug|Any CPU
		{4F56329A-1974-4E6F-8282-72589A605D58}.Release|Any CPU.ActiveCfg = Release|Any CPU
		{4F56329A-1974-4E6F-8282-72589A605D58}.Release|Any CPU.Build.0 = Release|Any CPU
		{4F56329A-1974-4E6F-8282-72589A605D58}.Release|ARM.ActiveCfg = Release|Any CPU
		{4F56329A-1974-4E6F-8282-72589A605D58}.Release|ARM.Build.0 = Release|Any CPU
		{4F56329A-1974-4E6F-8282-72589A605D58}.Release|x86.ActiveCfg = Release|Any CPU
		{4F56329A-1974-4E6F-8282-72589A605D58}.Release|x86.Build.0 = Release|Any CPU
		{D407F9DE-E591-49FC-90AD-5584D3E64FD0}.Debug|Any CPU.ActiveCfg = Debug|Any CPU
		{D407F9DE-E591-49FC-90AD-5584D3E64FD0}.Debug|Any CPU.Build.0 = Debug|Any CPU
		{D407F9DE-E591-49FC-90AD-5584D3E64FD0}.Debug|ARM.ActiveCfg = Debug|Any CPU
		{D407F9DE-E591-49FC-90AD-5584D3E64FD0}.Debug|ARM.Build.0 = Debug|Any CPU
		{D407F9DE-E591-49FC-90AD-5584D3E64FD0}.Debug|x86.ActiveCfg = Debug|Any CPU
		{D407F9DE-E591-49FC-90AD-5584D3E64FD0}.Debug|x86.Build.0 = Debug|Any CPU
		{D407F9DE-E591-49FC-90AD-5584D3E64FD0}.Release|Any CPU.ActiveCfg = Release|Any CPU
		{D407F9DE-E591-49FC-90AD-5584D3E64FD0}.Release|Any CPU.Build.0 = Release|Any CPU
		{D407F9DE-E591-49FC-90AD-5584D3E64FD0}.Release|ARM.ActiveCfg = Release|Any CPU
		{D407F9DE-E591-49FC-90AD-5584D3E64FD0}.Release|ARM.Build.0 = Release|Any CPU
		{D407F9DE-E591-49FC-90AD-5584D3E64FD0}.Release|x86.ActiveCfg = Release|Any CPU
		{D407F9DE-E591-49FC-90AD-5584D3E64FD0}.Release|x86.Build.0 = Release|Any CPU
		{D8138674-7365-4EC1-8D8C-81B8B5A1B845}.Debug|Any CPU.ActiveCfg = Debug|Any CPU
		{D8138674-7365-4EC1-8D8C-81B8B5A1B845}.Debug|Any CPU.Build.0 = Debug|Any CPU
		{D8138674-7365-4EC1-8D8C-81B8B5A1B845}.Debug|ARM.ActiveCfg = Debug|Any CPU
		{D8138674-7365-4EC1-8D8C-81B8B5A1B845}.Debug|ARM.Build.0 = Debug|Any CPU
		{D8138674-7365-4EC1-8D8C-81B8B5A1B845}.Debug|x86.ActiveCfg = Debug|Any CPU
		{D8138674-7365-4EC1-8D8C-81B8B5A1B845}.Debug|x86.Build.0 = Debug|Any CPU
		{D8138674-7365-4EC1-8D8C-81B8B5A1B845}.Release|Any CPU.ActiveCfg = Release|Any CPU
		{D8138674-7365-4EC1-8D8C-81B8B5A1B845}.Release|Any CPU.Build.0 = Release|Any CPU
		{D8138674-7365-4EC1-8D8C-81B8B5A1B845}.Release|ARM.ActiveCfg = Release|Any CPU
		{D8138674-7365-4EC1-8D8C-81B8B5A1B845}.Release|ARM.Build.0 = Release|Any CPU
		{D8138674-7365-4EC1-8D8C-81B8B5A1B845}.Release|x86.ActiveCfg = Release|Any CPU
		{D8138674-7365-4EC1-8D8C-81B8B5A1B845}.Release|x86.Build.0 = Release|Any CPU
		{F261C3D7-6194-4625-9516-044081B06028}.Debug|Any CPU.ActiveCfg = Debug|Any CPU
		{F261C3D7-6194-4625-9516-044081B06028}.Debug|Any CPU.Build.0 = Debug|Any CPU
		{F261C3D7-6194-4625-9516-044081B06028}.Debug|ARM.ActiveCfg = Debug|Any CPU
		{F261C3D7-6194-4625-9516-044081B06028}.Debug|ARM.Build.0 = Debug|Any CPU
		{F261C3D7-6194-4625-9516-044081B06028}.Debug|x86.ActiveCfg = Debug|Any CPU
		{F261C3D7-6194-4625-9516-044081B06028}.Debug|x86.Build.0 = Debug|Any CPU
		{F261C3D7-6194-4625-9516-044081B06028}.Release|Any CPU.ActiveCfg = Release|Any CPU
		{F261C3D7-6194-4625-9516-044081B06028}.Release|Any CPU.Build.0 = Release|Any CPU
		{F261C3D7-6194-4625-9516-044081B06028}.Release|ARM.ActiveCfg = Release|Any CPU
		{F261C3D7-6194-4625-9516-044081B06028}.Release|ARM.Build.0 = Release|Any CPU
		{F261C3D7-6194-4625-9516-044081B06028}.Release|x86.ActiveCfg = Release|Any CPU
		{F261C3D7-6194-4625-9516-044081B06028}.Release|x86.Build.0 = Release|Any CPU
		{4D253423-AE05-47F6-A59D-9162EC0BB1F2}.Debug|Any CPU.ActiveCfg = Debug|Any CPU
		{4D253423-AE05-47F6-A59D-9162EC0BB1F2}.Debug|Any CPU.Build.0 = Debug|Any CPU
		{4D253423-AE05-47F6-A59D-9162EC0BB1F2}.Debug|ARM.ActiveCfg = Debug|Any CPU
		{4D253423-AE05-47F6-A59D-9162EC0BB1F2}.Debug|ARM.Build.0 = Debug|Any CPU
		{4D253423-AE05-47F6-A59D-9162EC0BB1F2}.Debug|x86.ActiveCfg = Debug|Any CPU
		{4D253423-AE05-47F6-A59D-9162EC0BB1F2}.Debug|x86.Build.0 = Debug|Any CPU
		{4D253423-AE05-47F6-A59D-9162EC0BB1F2}.Release|Any CPU.ActiveCfg = Release|Any CPU
		{4D253423-AE05-47F6-A59D-9162EC0BB1F2}.Release|Any CPU.Build.0 = Release|Any CPU
		{4D253423-AE05-47F6-A59D-9162EC0BB1F2}.Release|ARM.ActiveCfg = Release|Any CPU
		{4D253423-AE05-47F6-A59D-9162EC0BB1F2}.Release|ARM.Build.0 = Release|Any CPU
		{4D253423-AE05-47F6-A59D-9162EC0BB1F2}.Release|x86.ActiveCfg = Release|Any CPU
		{4D253423-AE05-47F6-A59D-9162EC0BB1F2}.Release|x86.Build.0 = Release|Any CPU
		{FCF895E7-92F0-43FD-AE98-CF3FDBF3B766}.Debug|Any CPU.ActiveCfg = Debug|Any CPU
		{FCF895E7-92F0-43FD-AE98-CF3FDBF3B766}.Debug|Any CPU.Build.0 = Debug|Any CPU
		{FCF895E7-92F0-43FD-AE98-CF3FDBF3B766}.Debug|ARM.ActiveCfg = Debug|Any CPU
		{FCF895E7-92F0-43FD-AE98-CF3FDBF3B766}.Debug|ARM.Build.0 = Debug|Any CPU
		{FCF895E7-92F0-43FD-AE98-CF3FDBF3B766}.Debug|x86.ActiveCfg = Debug|Any CPU
		{FCF895E7-92F0-43FD-AE98-CF3FDBF3B766}.Debug|x86.Build.0 = Debug|Any CPU
		{FCF895E7-92F0-43FD-AE98-CF3FDBF3B766}.Release|Any CPU.ActiveCfg = Release|Any CPU
		{FCF895E7-92F0-43FD-AE98-CF3FDBF3B766}.Release|Any CPU.Build.0 = Release|Any CPU
		{FCF895E7-92F0-43FD-AE98-CF3FDBF3B766}.Release|ARM.ActiveCfg = Release|Any CPU
		{FCF895E7-92F0-43FD-AE98-CF3FDBF3B766}.Release|ARM.Build.0 = Release|Any CPU
		{FCF895E7-92F0-43FD-AE98-CF3FDBF3B766}.Release|x86.ActiveCfg = Release|Any CPU
		{FCF895E7-92F0-43FD-AE98-CF3FDBF3B766}.Release|x86.Build.0 = Release|Any CPU
		{CB8C29F2-DB71-4115-8BBB-3920BB4C78D9}.Debug|Any CPU.ActiveCfg = Debug|Any CPU
		{CB8C29F2-DB71-4115-8BBB-3920BB4C78D9}.Debug|Any CPU.Build.0 = Debug|Any CPU
		{CB8C29F2-DB71-4115-8BBB-3920BB4C78D9}.Debug|ARM.ActiveCfg = Debug|Any CPU
		{CB8C29F2-DB71-4115-8BBB-3920BB4C78D9}.Debug|ARM.Build.0 = Debug|Any CPU
		{CB8C29F2-DB71-4115-8BBB-3920BB4C78D9}.Debug|x86.ActiveCfg = Debug|Any CPU
		{CB8C29F2-DB71-4115-8BBB-3920BB4C78D9}.Debug|x86.Build.0 = Debug|Any CPU
		{CB8C29F2-DB71-4115-8BBB-3920BB4C78D9}.Release|Any CPU.ActiveCfg = Release|Any CPU
		{CB8C29F2-DB71-4115-8BBB-3920BB4C78D9}.Release|Any CPU.Build.0 = Release|Any CPU
		{CB8C29F2-DB71-4115-8BBB-3920BB4C78D9}.Release|ARM.ActiveCfg = Release|Any CPU
		{CB8C29F2-DB71-4115-8BBB-3920BB4C78D9}.Release|ARM.Build.0 = Release|Any CPU
		{CB8C29F2-DB71-4115-8BBB-3920BB4C78D9}.Release|x86.ActiveCfg = Release|Any CPU
		{CB8C29F2-DB71-4115-8BBB-3920BB4C78D9}.Release|x86.Build.0 = Release|Any CPU
		{F0720E54-B379-4DAE-A95E-A4D115CB48FB}.Debug|Any CPU.ActiveCfg = Debug|Any CPU
		{F0720E54-B379-4DAE-A95E-A4D115CB48FB}.Debug|Any CPU.Build.0 = Debug|Any CPU
		{F0720E54-B379-4DAE-A95E-A4D115CB48FB}.Debug|ARM.ActiveCfg = Debug|Any CPU
		{F0720E54-B379-4DAE-A95E-A4D115CB48FB}.Debug|ARM.Build.0 = Debug|Any CPU
		{F0720E54-B379-4DAE-A95E-A4D115CB48FB}.Debug|x86.ActiveCfg = Debug|Any CPU
		{F0720E54-B379-4DAE-A95E-A4D115CB48FB}.Debug|x86.Build.0 = Debug|Any CPU
		{F0720E54-B379-4DAE-A95E-A4D115CB48FB}.Release|Any CPU.ActiveCfg = Release|Any CPU
		{F0720E54-B379-4DAE-A95E-A4D115CB48FB}.Release|Any CPU.Build.0 = Release|Any CPU
		{F0720E54-B379-4DAE-A95E-A4D115CB48FB}.Release|ARM.ActiveCfg = Release|Any CPU
		{F0720E54-B379-4DAE-A95E-A4D115CB48FB}.Release|ARM.Build.0 = Release|Any CPU
		{F0720E54-B379-4DAE-A95E-A4D115CB48FB}.Release|x86.ActiveCfg = Release|Any CPU
		{F0720E54-B379-4DAE-A95E-A4D115CB48FB}.Release|x86.Build.0 = Release|Any CPU
		{5EC402F4-874B-4757-BCFC-8A0BD07E4111}.Debug|Any CPU.ActiveCfg = Debug|Any CPU
		{5EC402F4-874B-4757-BCFC-8A0BD07E4111}.Debug|Any CPU.Build.0 = Debug|Any CPU
		{5EC402F4-874B-4757-BCFC-8A0BD07E4111}.Debug|ARM.ActiveCfg = Debug|Any CPU
		{5EC402F4-874B-4757-BCFC-8A0BD07E4111}.Debug|ARM.Build.0 = Debug|Any CPU
		{5EC402F4-874B-4757-BCFC-8A0BD07E4111}.Debug|x86.ActiveCfg = Debug|Any CPU
		{5EC402F4-874B-4757-BCFC-8A0BD07E4111}.Debug|x86.Build.0 = Debug|Any CPU
		{5EC402F4-874B-4757-BCFC-8A0BD07E4111}.Release|Any CPU.ActiveCfg = Release|Any CPU
		{5EC402F4-874B-4757-BCFC-8A0BD07E4111}.Release|Any CPU.Build.0 = Release|Any CPU
		{5EC402F4-874B-4757-BCFC-8A0BD07E4111}.Release|ARM.ActiveCfg = Release|Any CPU
		{5EC402F4-874B-4757-BCFC-8A0BD07E4111}.Release|ARM.Build.0 = Release|Any CPU
		{5EC402F4-874B-4757-BCFC-8A0BD07E4111}.Release|x86.ActiveCfg = Release|Any CPU
		{5EC402F4-874B-4757-BCFC-8A0BD07E4111}.Release|x86.Build.0 = Release|Any CPU
		{3A7E5FDA-98F5-4C97-8CCB-3463CA95C166}.Debug|Any CPU.ActiveCfg = Debug|Any CPU
		{3A7E5FDA-98F5-4C97-8CCB-3463CA95C166}.Debug|Any CPU.Build.0 = Debug|Any CPU
		{3A7E5FDA-98F5-4C97-8CCB-3463CA95C166}.Debug|ARM.ActiveCfg = Debug|Any CPU
		{3A7E5FDA-98F5-4C97-8CCB-3463CA95C166}.Debug|ARM.Build.0 = Debug|Any CPU
		{3A7E5FDA-98F5-4C97-8CCB-3463CA95C166}.Debug|x86.ActiveCfg = Debug|Any CPU
		{3A7E5FDA-98F5-4C97-8CCB-3463CA95C166}.Debug|x86.Build.0 = Debug|Any CPU
		{3A7E5FDA-98F5-4C97-8CCB-3463CA95C166}.Release|Any CPU.ActiveCfg = Release|Any CPU
		{3A7E5FDA-98F5-4C97-8CCB-3463CA95C166}.Release|Any CPU.Build.0 = Release|Any CPU
		{3A7E5FDA-98F5-4C97-8CCB-3463CA95C166}.Release|ARM.ActiveCfg = Release|Any CPU
		{3A7E5FDA-98F5-4C97-8CCB-3463CA95C166}.Release|ARM.Build.0 = Release|Any CPU
		{3A7E5FDA-98F5-4C97-8CCB-3463CA95C166}.Release|x86.ActiveCfg = Release|Any CPU
		{3A7E5FDA-98F5-4C97-8CCB-3463CA95C166}.Release|x86.Build.0 = Release|Any CPU
		{7511DC49-D198-4546-AC61-E44BB1FC39B5}.Debug|Any CPU.ActiveCfg = Debug|Any CPU
		{7511DC49-D198-4546-AC61-E44BB1FC39B5}.Debug|Any CPU.Build.0 = Debug|Any CPU
		{7511DC49-D198-4546-AC61-E44BB1FC39B5}.Debug|ARM.ActiveCfg = Debug|Any CPU
		{7511DC49-D198-4546-AC61-E44BB1FC39B5}.Debug|ARM.Build.0 = Debug|Any CPU
		{7511DC49-D198-4546-AC61-E44BB1FC39B5}.Debug|x86.ActiveCfg = Debug|Any CPU
		{7511DC49-D198-4546-AC61-E44BB1FC39B5}.Debug|x86.Build.0 = Debug|Any CPU
		{7511DC49-D198-4546-AC61-E44BB1FC39B5}.Release|Any CPU.ActiveCfg = Release|Any CPU
		{7511DC49-D198-4546-AC61-E44BB1FC39B5}.Release|Any CPU.Build.0 = Release|Any CPU
		{7511DC49-D198-4546-AC61-E44BB1FC39B5}.Release|ARM.ActiveCfg = Release|Any CPU
		{7511DC49-D198-4546-AC61-E44BB1FC39B5}.Release|ARM.Build.0 = Release|Any CPU
		{7511DC49-D198-4546-AC61-E44BB1FC39B5}.Release|x86.ActiveCfg = Release|Any CPU
		{7511DC49-D198-4546-AC61-E44BB1FC39B5}.Release|x86.Build.0 = Release|Any CPU
		{BC436B85-1890-4ED8-9407-9AFC3263F47A}.Debug|Any CPU.ActiveCfg = Debug|Any CPU
		{BC436B85-1890-4ED8-9407-9AFC3263F47A}.Debug|Any CPU.Build.0 = Debug|Any CPU
		{BC436B85-1890-4ED8-9407-9AFC3263F47A}.Debug|ARM.ActiveCfg = Debug|Any CPU
		{BC436B85-1890-4ED8-9407-9AFC3263F47A}.Debug|ARM.Build.0 = Debug|Any CPU
		{BC436B85-1890-4ED8-9407-9AFC3263F47A}.Debug|x86.ActiveCfg = Debug|Any CPU
		{BC436B85-1890-4ED8-9407-9AFC3263F47A}.Debug|x86.Build.0 = Debug|Any CPU
		{BC436B85-1890-4ED8-9407-9AFC3263F47A}.Release|Any CPU.ActiveCfg = Release|Any CPU
		{BC436B85-1890-4ED8-9407-9AFC3263F47A}.Release|Any CPU.Build.0 = Release|Any CPU
		{BC436B85-1890-4ED8-9407-9AFC3263F47A}.Release|ARM.ActiveCfg = Release|Any CPU
		{BC436B85-1890-4ED8-9407-9AFC3263F47A}.Release|ARM.Build.0 = Release|Any CPU
		{BC436B85-1890-4ED8-9407-9AFC3263F47A}.Release|x86.ActiveCfg = Release|Any CPU
		{BC436B85-1890-4ED8-9407-9AFC3263F47A}.Release|x86.Build.0 = Release|Any CPU
		{7DADA217-E0D9-45DD-AE98-1EBE43552B55}.Debug|Any CPU.ActiveCfg = Debug|Any CPU
		{7DADA217-E0D9-45DD-AE98-1EBE43552B55}.Debug|Any CPU.Build.0 = Debug|Any CPU
		{7DADA217-E0D9-45DD-AE98-1EBE43552B55}.Debug|ARM.ActiveCfg = Debug|Any CPU
		{7DADA217-E0D9-45DD-AE98-1EBE43552B55}.Debug|ARM.Build.0 = Debug|Any CPU
		{7DADA217-E0D9-45DD-AE98-1EBE43552B55}.Debug|x86.ActiveCfg = Debug|Any CPU
		{7DADA217-E0D9-45DD-AE98-1EBE43552B55}.Debug|x86.Build.0 = Debug|Any CPU
		{7DADA217-E0D9-45DD-AE98-1EBE43552B55}.Release|Any CPU.ActiveCfg = Release|Any CPU
		{7DADA217-E0D9-45DD-AE98-1EBE43552B55}.Release|Any CPU.Build.0 = Release|Any CPU
		{7DADA217-E0D9-45DD-AE98-1EBE43552B55}.Release|ARM.ActiveCfg = Release|Any CPU
		{7DADA217-E0D9-45DD-AE98-1EBE43552B55}.Release|ARM.Build.0 = Release|Any CPU
		{7DADA217-E0D9-45DD-AE98-1EBE43552B55}.Release|x86.ActiveCfg = Release|Any CPU
		{7DADA217-E0D9-45DD-AE98-1EBE43552B55}.Release|x86.Build.0 = Release|Any CPU
		{E91A0A5A-82FD-41EA-8C9F-1A91242B5E0C}.Debug|Any CPU.ActiveCfg = Debug|Any CPU
		{E91A0A5A-82FD-41EA-8C9F-1A91242B5E0C}.Debug|Any CPU.Build.0 = Debug|Any CPU
		{E91A0A5A-82FD-41EA-8C9F-1A91242B5E0C}.Debug|ARM.ActiveCfg = Debug|Any CPU
		{E91A0A5A-82FD-41EA-8C9F-1A91242B5E0C}.Debug|ARM.Build.0 = Debug|Any CPU
		{E91A0A5A-82FD-41EA-8C9F-1A91242B5E0C}.Debug|x86.ActiveCfg = Debug|Any CPU
		{E91A0A5A-82FD-41EA-8C9F-1A91242B5E0C}.Debug|x86.Build.0 = Debug|Any CPU
		{E91A0A5A-82FD-41EA-8C9F-1A91242B5E0C}.Release|Any CPU.ActiveCfg = Release|Any CPU
		{E91A0A5A-82FD-41EA-8C9F-1A91242B5E0C}.Release|Any CPU.Build.0 = Release|Any CPU
		{E91A0A5A-82FD-41EA-8C9F-1A91242B5E0C}.Release|ARM.ActiveCfg = Release|Any CPU
		{E91A0A5A-82FD-41EA-8C9F-1A91242B5E0C}.Release|ARM.Build.0 = Release|Any CPU
		{E91A0A5A-82FD-41EA-8C9F-1A91242B5E0C}.Release|x86.ActiveCfg = Release|Any CPU
		{E91A0A5A-82FD-41EA-8C9F-1A91242B5E0C}.Release|x86.Build.0 = Release|Any CPU
		{60AE5A97-914E-4182-8779-B9A37980381F}.Debug|Any CPU.ActiveCfg = Debug|Any CPU
		{60AE5A97-914E-4182-8779-B9A37980381F}.Debug|Any CPU.Build.0 = Debug|Any CPU
		{60AE5A97-914E-4182-8779-B9A37980381F}.Debug|ARM.ActiveCfg = Debug|Any CPU
		{60AE5A97-914E-4182-8779-B9A37980381F}.Debug|ARM.Build.0 = Debug|Any CPU
		{60AE5A97-914E-4182-8779-B9A37980381F}.Debug|x86.ActiveCfg = Debug|Any CPU
		{60AE5A97-914E-4182-8779-B9A37980381F}.Debug|x86.Build.0 = Debug|Any CPU
		{60AE5A97-914E-4182-8779-B9A37980381F}.Release|Any CPU.ActiveCfg = Release|Any CPU
		{60AE5A97-914E-4182-8779-B9A37980381F}.Release|Any CPU.Build.0 = Release|Any CPU
		{60AE5A97-914E-4182-8779-B9A37980381F}.Release|ARM.ActiveCfg = Release|Any CPU
		{60AE5A97-914E-4182-8779-B9A37980381F}.Release|ARM.Build.0 = Release|Any CPU
		{60AE5A97-914E-4182-8779-B9A37980381F}.Release|x86.ActiveCfg = Release|Any CPU
		{60AE5A97-914E-4182-8779-B9A37980381F}.Release|x86.Build.0 = Release|Any CPU
		{544CB8AC-583D-4ED3-9E7E-1422119D5878}.Debug|Any CPU.ActiveCfg = Debug|Any CPU
		{544CB8AC-583D-4ED3-9E7E-1422119D5878}.Debug|Any CPU.Build.0 = Debug|Any CPU
		{544CB8AC-583D-4ED3-9E7E-1422119D5878}.Debug|ARM.ActiveCfg = Debug|Any CPU
		{544CB8AC-583D-4ED3-9E7E-1422119D5878}.Debug|ARM.Build.0 = Debug|Any CPU
		{544CB8AC-583D-4ED3-9E7E-1422119D5878}.Debug|x86.ActiveCfg = Debug|Any CPU
		{544CB8AC-583D-4ED3-9E7E-1422119D5878}.Debug|x86.Build.0 = Debug|Any CPU
		{544CB8AC-583D-4ED3-9E7E-1422119D5878}.Release|Any CPU.ActiveCfg = Release|Any CPU
		{544CB8AC-583D-4ED3-9E7E-1422119D5878}.Release|Any CPU.Build.0 = Release|Any CPU
		{544CB8AC-583D-4ED3-9E7E-1422119D5878}.Release|ARM.ActiveCfg = Release|Any CPU
		{544CB8AC-583D-4ED3-9E7E-1422119D5878}.Release|ARM.Build.0 = Release|Any CPU
		{544CB8AC-583D-4ED3-9E7E-1422119D5878}.Release|x86.ActiveCfg = Release|Any CPU
		{544CB8AC-583D-4ED3-9E7E-1422119D5878}.Release|x86.Build.0 = Release|Any CPU
		{2F5A4F1D-1AC8-4E1F-8B3E-F01D4826F6A2}.Debug|Any CPU.ActiveCfg = Debug|Any CPU
		{2F5A4F1D-1AC8-4E1F-8B3E-F01D4826F6A2}.Debug|Any CPU.Build.0 = Debug|Any CPU
		{2F5A4F1D-1AC8-4E1F-8B3E-F01D4826F6A2}.Debug|ARM.ActiveCfg = Debug|Any CPU
		{2F5A4F1D-1AC8-4E1F-8B3E-F01D4826F6A2}.Debug|ARM.Build.0 = Debug|Any CPU
		{2F5A4F1D-1AC8-4E1F-8B3E-F01D4826F6A2}.Debug|x86.ActiveCfg = Debug|Any CPU
		{2F5A4F1D-1AC8-4E1F-8B3E-F01D4826F6A2}.Debug|x86.Build.0 = Debug|Any CPU
		{2F5A4F1D-1AC8-4E1F-8B3E-F01D4826F6A2}.Release|Any CPU.ActiveCfg = Release|Any CPU
		{2F5A4F1D-1AC8-4E1F-8B3E-F01D4826F6A2}.Release|Any CPU.Build.0 = Release|Any CPU
		{2F5A4F1D-1AC8-4E1F-8B3E-F01D4826F6A2}.Release|ARM.ActiveCfg = Release|Any CPU
		{2F5A4F1D-1AC8-4E1F-8B3E-F01D4826F6A2}.Release|ARM.Build.0 = Release|Any CPU
		{2F5A4F1D-1AC8-4E1F-8B3E-F01D4826F6A2}.Release|x86.ActiveCfg = Release|Any CPU
		{2F5A4F1D-1AC8-4E1F-8B3E-F01D4826F6A2}.Release|x86.Build.0 = Release|Any CPU
		{95940B05-FE94-479C-90F3-687D3D4DB6E8}.Debug|Any CPU.ActiveCfg = Debug|Any CPU
		{95940B05-FE94-479C-90F3-687D3D4DB6E8}.Debug|Any CPU.Build.0 = Debug|Any CPU
		{95940B05-FE94-479C-90F3-687D3D4DB6E8}.Debug|ARM.ActiveCfg = Debug|Any CPU
		{95940B05-FE94-479C-90F3-687D3D4DB6E8}.Debug|ARM.Build.0 = Debug|Any CPU
		{95940B05-FE94-479C-90F3-687D3D4DB6E8}.Debug|x86.ActiveCfg = Debug|Any CPU
		{95940B05-FE94-479C-90F3-687D3D4DB6E8}.Debug|x86.Build.0 = Debug|Any CPU
		{95940B05-FE94-479C-90F3-687D3D4DB6E8}.Release|Any CPU.ActiveCfg = Release|Any CPU
		{95940B05-FE94-479C-90F3-687D3D4DB6E8}.Release|Any CPU.Build.0 = Release|Any CPU
		{95940B05-FE94-479C-90F3-687D3D4DB6E8}.Release|ARM.ActiveCfg = Release|Any CPU
		{95940B05-FE94-479C-90F3-687D3D4DB6E8}.Release|ARM.Build.0 = Release|Any CPU
		{95940B05-FE94-479C-90F3-687D3D4DB6E8}.Release|x86.ActiveCfg = Release|Any CPU
		{95940B05-FE94-479C-90F3-687D3D4DB6E8}.Release|x86.Build.0 = Release|Any CPU
		{53855329-E691-42D8-860F-BC4C6FC8515F}.Debug|Any CPU.ActiveCfg = Debug|Any CPU
		{53855329-E691-42D8-860F-BC4C6FC8515F}.Debug|Any CPU.Build.0 = Debug|Any CPU
		{53855329-E691-42D8-860F-BC4C6FC8515F}.Debug|ARM.ActiveCfg = Debug|Any CPU
		{53855329-E691-42D8-860F-BC4C6FC8515F}.Debug|ARM.Build.0 = Debug|Any CPU
		{53855329-E691-42D8-860F-BC4C6FC8515F}.Debug|x86.ActiveCfg = Debug|Any CPU
		{53855329-E691-42D8-860F-BC4C6FC8515F}.Debug|x86.Build.0 = Debug|Any CPU
		{53855329-E691-42D8-860F-BC4C6FC8515F}.Release|Any CPU.ActiveCfg = Release|Any CPU
		{53855329-E691-42D8-860F-BC4C6FC8515F}.Release|Any CPU.Build.0 = Release|Any CPU
		{53855329-E691-42D8-860F-BC4C6FC8515F}.Release|ARM.ActiveCfg = Release|Any CPU
		{53855329-E691-42D8-860F-BC4C6FC8515F}.Release|ARM.Build.0 = Release|Any CPU
		{53855329-E691-42D8-860F-BC4C6FC8515F}.Release|x86.ActiveCfg = Release|Any CPU
		{53855329-E691-42D8-860F-BC4C6FC8515F}.Release|x86.Build.0 = Release|Any CPU
		{FC79A882-E8E7-4D80-86BC-71DC65BA79C1}.Debug|Any CPU.ActiveCfg = Debug|Any CPU
		{FC79A882-E8E7-4D80-86BC-71DC65BA79C1}.Debug|Any CPU.Build.0 = Debug|Any CPU
		{FC79A882-E8E7-4D80-86BC-71DC65BA79C1}.Debug|ARM.ActiveCfg = Debug|Any CPU
		{FC79A882-E8E7-4D80-86BC-71DC65BA79C1}.Debug|ARM.Build.0 = Debug|Any CPU
		{FC79A882-E8E7-4D80-86BC-71DC65BA79C1}.Debug|x86.ActiveCfg = Debug|Any CPU
		{FC79A882-E8E7-4D80-86BC-71DC65BA79C1}.Debug|x86.Build.0 = Debug|Any CPU
		{FC79A882-E8E7-4D80-86BC-71DC65BA79C1}.Release|Any CPU.ActiveCfg = Release|Any CPU
		{FC79A882-E8E7-4D80-86BC-71DC65BA79C1}.Release|Any CPU.Build.0 = Release|Any CPU
		{FC79A882-E8E7-4D80-86BC-71DC65BA79C1}.Release|ARM.ActiveCfg = Release|Any CPU
		{FC79A882-E8E7-4D80-86BC-71DC65BA79C1}.Release|ARM.Build.0 = Release|Any CPU
		{FC79A882-E8E7-4D80-86BC-71DC65BA79C1}.Release|x86.ActiveCfg = Release|Any CPU
		{FC79A882-E8E7-4D80-86BC-71DC65BA79C1}.Release|x86.Build.0 = Release|Any CPU
		{C9EE50DD-E955-41C8-B9B5-3E3ADB6DB2DF}.Debug|Any CPU.ActiveCfg = Debug|Any CPU
		{C9EE50DD-E955-41C8-B9B5-3E3ADB6DB2DF}.Debug|Any CPU.Build.0 = Debug|Any CPU
		{C9EE50DD-E955-41C8-B9B5-3E3ADB6DB2DF}.Debug|ARM.ActiveCfg = Debug|Any CPU
		{C9EE50DD-E955-41C8-B9B5-3E3ADB6DB2DF}.Debug|ARM.Build.0 = Debug|Any CPU
		{C9EE50DD-E955-41C8-B9B5-3E3ADB6DB2DF}.Debug|x86.ActiveCfg = Debug|Any CPU
		{C9EE50DD-E955-41C8-B9B5-3E3ADB6DB2DF}.Debug|x86.Build.0 = Debug|Any CPU
		{C9EE50DD-E955-41C8-B9B5-3E3ADB6DB2DF}.Release|Any CPU.ActiveCfg = Release|Any CPU
		{C9EE50DD-E955-41C8-B9B5-3E3ADB6DB2DF}.Release|Any CPU.Build.0 = Release|Any CPU
		{C9EE50DD-E955-41C8-B9B5-3E3ADB6DB2DF}.Release|ARM.ActiveCfg = Release|Any CPU
		{C9EE50DD-E955-41C8-B9B5-3E3ADB6DB2DF}.Release|ARM.Build.0 = Release|Any CPU
		{C9EE50DD-E955-41C8-B9B5-3E3ADB6DB2DF}.Release|x86.ActiveCfg = Release|Any CPU
		{C9EE50DD-E955-41C8-B9B5-3E3ADB6DB2DF}.Release|x86.Build.0 = Release|Any CPU
		{FE34EF05-D3AB-4979-80CF-3F2B16501AD4}.Debug|Any CPU.ActiveCfg = Debug|Any CPU
		{FE34EF05-D3AB-4979-80CF-3F2B16501AD4}.Debug|Any CPU.Build.0 = Debug|Any CPU
		{FE34EF05-D3AB-4979-80CF-3F2B16501AD4}.Debug|ARM.ActiveCfg = Debug|Any CPU
		{FE34EF05-D3AB-4979-80CF-3F2B16501AD4}.Debug|ARM.Build.0 = Debug|Any CPU
		{FE34EF05-D3AB-4979-80CF-3F2B16501AD4}.Debug|x86.ActiveCfg = Debug|Any CPU
		{FE34EF05-D3AB-4979-80CF-3F2B16501AD4}.Debug|x86.Build.0 = Debug|Any CPU
		{FE34EF05-D3AB-4979-80CF-3F2B16501AD4}.Release|Any CPU.ActiveCfg = Release|Any CPU
		{FE34EF05-D3AB-4979-80CF-3F2B16501AD4}.Release|Any CPU.Build.0 = Release|Any CPU
		{FE34EF05-D3AB-4979-80CF-3F2B16501AD4}.Release|ARM.ActiveCfg = Release|Any CPU
		{FE34EF05-D3AB-4979-80CF-3F2B16501AD4}.Release|ARM.Build.0 = Release|Any CPU
		{FE34EF05-D3AB-4979-80CF-3F2B16501AD4}.Release|x86.ActiveCfg = Release|Any CPU
		{FE34EF05-D3AB-4979-80CF-3F2B16501AD4}.Release|x86.Build.0 = Release|Any CPU
		{F92DCF17-B128-4C98-BA91-E8B83BB1CE43}.Debug|Any CPU.ActiveCfg = Debug|Any CPU
		{F92DCF17-B128-4C98-BA91-E8B83BB1CE43}.Debug|Any CPU.Build.0 = Debug|Any CPU
		{F92DCF17-B128-4C98-BA91-E8B83BB1CE43}.Debug|ARM.ActiveCfg = Debug|Any CPU
		{F92DCF17-B128-4C98-BA91-E8B83BB1CE43}.Debug|ARM.Build.0 = Debug|Any CPU
		{F92DCF17-B128-4C98-BA91-E8B83BB1CE43}.Debug|x86.ActiveCfg = Debug|Any CPU
		{F92DCF17-B128-4C98-BA91-E8B83BB1CE43}.Debug|x86.Build.0 = Debug|Any CPU
		{F92DCF17-B128-4C98-BA91-E8B83BB1CE43}.Release|Any CPU.ActiveCfg = Release|Any CPU
		{F92DCF17-B128-4C98-BA91-E8B83BB1CE43}.Release|Any CPU.Build.0 = Release|Any CPU
		{F92DCF17-B128-4C98-BA91-E8B83BB1CE43}.Release|ARM.ActiveCfg = Release|Any CPU
		{F92DCF17-B128-4C98-BA91-E8B83BB1CE43}.Release|ARM.Build.0 = Release|Any CPU
		{F92DCF17-B128-4C98-BA91-E8B83BB1CE43}.Release|x86.ActiveCfg = Release|Any CPU
		{F92DCF17-B128-4C98-BA91-E8B83BB1CE43}.Release|x86.Build.0 = Release|Any CPU
		{7F5ABBF3-0910-4D6C-B99D-961F3A1AA9AA}.Debug|Any CPU.ActiveCfg = Debug|Any CPU
		{7F5ABBF3-0910-4D6C-B99D-961F3A1AA9AA}.Debug|Any CPU.Build.0 = Debug|Any CPU
		{7F5ABBF3-0910-4D6C-B99D-961F3A1AA9AA}.Debug|ARM.ActiveCfg = Debug|Any CPU
		{7F5ABBF3-0910-4D6C-B99D-961F3A1AA9AA}.Debug|ARM.Build.0 = Debug|Any CPU
		{7F5ABBF3-0910-4D6C-B99D-961F3A1AA9AA}.Debug|x86.ActiveCfg = Debug|Any CPU
		{7F5ABBF3-0910-4D6C-B99D-961F3A1AA9AA}.Debug|x86.Build.0 = Debug|Any CPU
		{7F5ABBF3-0910-4D6C-B99D-961F3A1AA9AA}.Release|Any CPU.ActiveCfg = Release|Any CPU
		{7F5ABBF3-0910-4D6C-B99D-961F3A1AA9AA}.Release|Any CPU.Build.0 = Release|Any CPU
		{7F5ABBF3-0910-4D6C-B99D-961F3A1AA9AA}.Release|ARM.ActiveCfg = Release|Any CPU
		{7F5ABBF3-0910-4D6C-B99D-961F3A1AA9AA}.Release|ARM.Build.0 = Release|Any CPU
		{7F5ABBF3-0910-4D6C-B99D-961F3A1AA9AA}.Release|x86.ActiveCfg = Release|Any CPU
		{7F5ABBF3-0910-4D6C-B99D-961F3A1AA9AA}.Release|x86.Build.0 = Release|Any CPU
		{CB2D7358-C914-4A2E-9AFF-829A201B1A0D}.Debug|Any CPU.ActiveCfg = Debug|Any CPU
		{CB2D7358-C914-4A2E-9AFF-829A201B1A0D}.Debug|Any CPU.Build.0 = Debug|Any CPU
		{CB2D7358-C914-4A2E-9AFF-829A201B1A0D}.Debug|ARM.ActiveCfg = Debug|Any CPU
		{CB2D7358-C914-4A2E-9AFF-829A201B1A0D}.Debug|ARM.Build.0 = Debug|Any CPU
		{CB2D7358-C914-4A2E-9AFF-829A201B1A0D}.Debug|x86.ActiveCfg = Debug|Any CPU
		{CB2D7358-C914-4A2E-9AFF-829A201B1A0D}.Debug|x86.Build.0 = Debug|Any CPU
		{CB2D7358-C914-4A2E-9AFF-829A201B1A0D}.Release|Any CPU.ActiveCfg = Release|Any CPU
		{CB2D7358-C914-4A2E-9AFF-829A201B1A0D}.Release|Any CPU.Build.0 = Release|Any CPU
		{CB2D7358-C914-4A2E-9AFF-829A201B1A0D}.Release|ARM.ActiveCfg = Release|Any CPU
		{CB2D7358-C914-4A2E-9AFF-829A201B1A0D}.Release|ARM.Build.0 = Release|Any CPU
		{CB2D7358-C914-4A2E-9AFF-829A201B1A0D}.Release|x86.ActiveCfg = Release|Any CPU
		{CB2D7358-C914-4A2E-9AFF-829A201B1A0D}.Release|x86.Build.0 = Release|Any CPU
		{A2404C68-6CBA-44B9-B06C-F276C6E3883E}.Debug|Any CPU.ActiveCfg = Debug|Any CPU
		{A2404C68-6CBA-44B9-B06C-F276C6E3883E}.Debug|Any CPU.Build.0 = Debug|Any CPU
		{A2404C68-6CBA-44B9-B06C-F276C6E3883E}.Debug|ARM.ActiveCfg = Debug|Any CPU
		{A2404C68-6CBA-44B9-B06C-F276C6E3883E}.Debug|ARM.Build.0 = Debug|Any CPU
		{A2404C68-6CBA-44B9-B06C-F276C6E3883E}.Debug|x86.ActiveCfg = Debug|Any CPU
		{A2404C68-6CBA-44B9-B06C-F276C6E3883E}.Debug|x86.Build.0 = Debug|Any CPU
		{A2404C68-6CBA-44B9-B06C-F276C6E3883E}.Release|Any CPU.ActiveCfg = Release|Any CPU
		{A2404C68-6CBA-44B9-B06C-F276C6E3883E}.Release|Any CPU.Build.0 = Release|Any CPU
		{A2404C68-6CBA-44B9-B06C-F276C6E3883E}.Release|ARM.ActiveCfg = Release|Any CPU
		{A2404C68-6CBA-44B9-B06C-F276C6E3883E}.Release|ARM.Build.0 = Release|Any CPU
		{A2404C68-6CBA-44B9-B06C-F276C6E3883E}.Release|x86.ActiveCfg = Release|Any CPU
		{A2404C68-6CBA-44B9-B06C-F276C6E3883E}.Release|x86.Build.0 = Release|Any CPU
		{BCA13B56-6007-4C56-9EB4-743FBB7FFB11}.Debug|Any CPU.ActiveCfg = Debug|Any CPU
		{BCA13B56-6007-4C56-9EB4-743FBB7FFB11}.Debug|Any CPU.Build.0 = Debug|Any CPU
		{BCA13B56-6007-4C56-9EB4-743FBB7FFB11}.Debug|ARM.ActiveCfg = Debug|Any CPU
		{BCA13B56-6007-4C56-9EB4-743FBB7FFB11}.Debug|ARM.Build.0 = Debug|Any CPU
		{BCA13B56-6007-4C56-9EB4-743FBB7FFB11}.Debug|x86.ActiveCfg = Debug|Any CPU
		{BCA13B56-6007-4C56-9EB4-743FBB7FFB11}.Debug|x86.Build.0 = Debug|Any CPU
		{BCA13B56-6007-4C56-9EB4-743FBB7FFB11}.Release|Any CPU.ActiveCfg = Release|Any CPU
		{BCA13B56-6007-4C56-9EB4-743FBB7FFB11}.Release|Any CPU.Build.0 = Release|Any CPU
		{BCA13B56-6007-4C56-9EB4-743FBB7FFB11}.Release|ARM.ActiveCfg = Release|Any CPU
		{BCA13B56-6007-4C56-9EB4-743FBB7FFB11}.Release|ARM.Build.0 = Release|Any CPU
		{BCA13B56-6007-4C56-9EB4-743FBB7FFB11}.Release|x86.ActiveCfg = Release|Any CPU
		{BCA13B56-6007-4C56-9EB4-743FBB7FFB11}.Release|x86.Build.0 = Release|Any CPU
		{F2009EDF-6CE4-463F-92EE-8D22D3D67BC0}.Debug|Any CPU.ActiveCfg = Debug|Any CPU
		{F2009EDF-6CE4-463F-92EE-8D22D3D67BC0}.Debug|Any CPU.Build.0 = Debug|Any CPU
		{F2009EDF-6CE4-463F-92EE-8D22D3D67BC0}.Debug|ARM.ActiveCfg = Debug|Any CPU
		{F2009EDF-6CE4-463F-92EE-8D22D3D67BC0}.Debug|ARM.Build.0 = Debug|Any CPU
		{F2009EDF-6CE4-463F-92EE-8D22D3D67BC0}.Debug|x86.ActiveCfg = Debug|Any CPU
		{F2009EDF-6CE4-463F-92EE-8D22D3D67BC0}.Debug|x86.Build.0 = Debug|Any CPU
		{F2009EDF-6CE4-463F-92EE-8D22D3D67BC0}.Release|Any CPU.ActiveCfg = Release|Any CPU
		{F2009EDF-6CE4-463F-92EE-8D22D3D67BC0}.Release|Any CPU.Build.0 = Release|Any CPU
		{F2009EDF-6CE4-463F-92EE-8D22D3D67BC0}.Release|ARM.ActiveCfg = Release|Any CPU
		{F2009EDF-6CE4-463F-92EE-8D22D3D67BC0}.Release|ARM.Build.0 = Release|Any CPU
		{F2009EDF-6CE4-463F-92EE-8D22D3D67BC0}.Release|x86.ActiveCfg = Release|Any CPU
		{F2009EDF-6CE4-463F-92EE-8D22D3D67BC0}.Release|x86.Build.0 = Release|Any CPU
		{DEDBE4C8-6B5B-4084-8A60-E116CB507460}.Debug|Any CPU.ActiveCfg = Debug|Any CPU
		{DEDBE4C8-6B5B-4084-8A60-E116CB507460}.Debug|Any CPU.Build.0 = Debug|Any CPU
		{DEDBE4C8-6B5B-4084-8A60-E116CB507460}.Debug|ARM.ActiveCfg = Debug|Any CPU
		{DEDBE4C8-6B5B-4084-8A60-E116CB507460}.Debug|ARM.Build.0 = Debug|Any CPU
		{DEDBE4C8-6B5B-4084-8A60-E116CB507460}.Debug|x86.ActiveCfg = Debug|Any CPU
		{DEDBE4C8-6B5B-4084-8A60-E116CB507460}.Debug|x86.Build.0 = Debug|Any CPU
		{DEDBE4C8-6B5B-4084-8A60-E116CB507460}.Release|Any CPU.ActiveCfg = Release|Any CPU
		{DEDBE4C8-6B5B-4084-8A60-E116CB507460}.Release|Any CPU.Build.0 = Release|Any CPU
		{DEDBE4C8-6B5B-4084-8A60-E116CB507460}.Release|ARM.ActiveCfg = Release|Any CPU
		{DEDBE4C8-6B5B-4084-8A60-E116CB507460}.Release|ARM.Build.0 = Release|Any CPU
		{DEDBE4C8-6B5B-4084-8A60-E116CB507460}.Release|x86.ActiveCfg = Release|Any CPU
		{DEDBE4C8-6B5B-4084-8A60-E116CB507460}.Release|x86.Build.0 = Release|Any CPU
		{932B7301-0E37-4528-9C8E-E7C472B20032}.Debug|Any CPU.ActiveCfg = Debug|Any CPU
		{932B7301-0E37-4528-9C8E-E7C472B20032}.Debug|Any CPU.Build.0 = Debug|Any CPU
		{932B7301-0E37-4528-9C8E-E7C472B20032}.Debug|ARM.ActiveCfg = Debug|Any CPU
		{932B7301-0E37-4528-9C8E-E7C472B20032}.Debug|ARM.Build.0 = Debug|Any CPU
		{932B7301-0E37-4528-9C8E-E7C472B20032}.Debug|x86.ActiveCfg = Debug|Any CPU
		{932B7301-0E37-4528-9C8E-E7C472B20032}.Debug|x86.Build.0 = Debug|Any CPU
		{932B7301-0E37-4528-9C8E-E7C472B20032}.Release|Any CPU.ActiveCfg = Release|Any CPU
		{932B7301-0E37-4528-9C8E-E7C472B20032}.Release|Any CPU.Build.0 = Release|Any CPU
		{932B7301-0E37-4528-9C8E-E7C472B20032}.Release|ARM.ActiveCfg = Release|Any CPU
		{932B7301-0E37-4528-9C8E-E7C472B20032}.Release|ARM.Build.0 = Release|Any CPU
		{932B7301-0E37-4528-9C8E-E7C472B20032}.Release|x86.ActiveCfg = Release|Any CPU
		{932B7301-0E37-4528-9C8E-E7C472B20032}.Release|x86.Build.0 = Release|Any CPU
	EndGlobalSection
	GlobalSection(SolutionProperties) = preSolution
		HideSolutionNode = FALSE
	EndGlobalSection
	GlobalSection(NestedProjects) = preSolution
		{34D9CB13-AF2F-4282-B4B2-3E5A6626F742} = {9078D6AF-AC55-435F-AFEA-93ADC514BA89}
		{252F837C-9C9D-41D6-BB7A-A77BD8A65E4D} = {9078D6AF-AC55-435F-AFEA-93ADC514BA89}
		{E40FA494-D127-4594-A33D-AB41E331CE47} = {9078D6AF-AC55-435F-AFEA-93ADC514BA89}
		{FB2D9FB7-2681-4C1E-AD98-355B1F5F4EFB} = {1A58103D-5BEA-4C15-B41B-6E88B2322DC9}
		{F261C3D7-6194-4625-9516-044081B06028} = {FB2D9FB7-2681-4C1E-AD98-355B1F5F4EFB}
		{4D253423-AE05-47F6-A59D-9162EC0BB1F2} = {FB2D9FB7-2681-4C1E-AD98-355B1F5F4EFB}
		{FCF895E7-92F0-43FD-AE98-CF3FDBF3B766} = {1A58103D-5BEA-4C15-B41B-6E88B2322DC9}
		{CB8C29F2-DB71-4115-8BBB-3920BB4C78D9} = {1A58103D-5BEA-4C15-B41B-6E88B2322DC9}
		{F0720E54-B379-4DAE-A95E-A4D115CB48FB} = {1A58103D-5BEA-4C15-B41B-6E88B2322DC9}
		{5EC402F4-874B-4757-BCFC-8A0BD07E4111} = {1A58103D-5BEA-4C15-B41B-6E88B2322DC9}
		{3A7E5FDA-98F5-4C97-8CCB-3463CA95C166} = {1A58103D-5BEA-4C15-B41B-6E88B2322DC9}
		{7511DC49-D198-4546-AC61-E44BB1FC39B5} = {1A58103D-5BEA-4C15-B41B-6E88B2322DC9}
		{BC436B85-1890-4ED8-9407-9AFC3263F47A} = {9078D6AF-AC55-435F-AFEA-93ADC514BA89}
		{7DADA217-E0D9-45DD-AE98-1EBE43552B55} = {4643BD10-E515-4B17-86D9-8AE5B5F127E4}
		{E91A0A5A-82FD-41EA-8C9F-1A91242B5E0C} = {9078D6AF-AC55-435F-AFEA-93ADC514BA89}
		{60AE5A97-914E-4182-8779-B9A37980381F} = {4643BD10-E515-4B17-86D9-8AE5B5F127E4}
		{544CB8AC-583D-4ED3-9E7E-1422119D5878} = {9078D6AF-AC55-435F-AFEA-93ADC514BA89}
		{2F5A4F1D-1AC8-4E1F-8B3E-F01D4826F6A2} = {9078D6AF-AC55-435F-AFEA-93ADC514BA89}
		{95940B05-FE94-479C-90F3-687D3D4DB6E8} = {9078D6AF-AC55-435F-AFEA-93ADC514BA89}
		{53855329-E691-42D8-860F-BC4C6FC8515F} = {9078D6AF-AC55-435F-AFEA-93ADC514BA89}
		{FC79A882-E8E7-4D80-86BC-71DC65BA79C1} = {9078D6AF-AC55-435F-AFEA-93ADC514BA89}
		{C9EE50DD-E955-41C8-B9B5-3E3ADB6DB2DF} = {0AAA112E-F497-4CC5-A206-B6EEF9FD6C10}
		{FE34EF05-D3AB-4979-80CF-3F2B16501AD4} = {0AAA112E-F497-4CC5-A206-B6EEF9FD6C10}
		{F92DCF17-B128-4C98-BA91-E8B83BB1CE43} = {0AAA112E-F497-4CC5-A206-B6EEF9FD6C10}
		{7F5ABBF3-0910-4D6C-B99D-961F3A1AA9AA} = {0AAA112E-F497-4CC5-A206-B6EEF9FD6C10}
		{CB2D7358-C914-4A2E-9AFF-829A201B1A0D} = {0AAA112E-F497-4CC5-A206-B6EEF9FD6C10}
		{A2404C68-6CBA-44B9-B06C-F276C6E3883E} = {0AAA112E-F497-4CC5-A206-B6EEF9FD6C10}
		{BCA13B56-6007-4C56-9EB4-743FBB7FFB11} = {0AAA112E-F497-4CC5-A206-B6EEF9FD6C10}
		{F2009EDF-6CE4-463F-92EE-8D22D3D67BC0} = {0AAA112E-F497-4CC5-A206-B6EEF9FD6C10}
		{DEDBE4C8-6B5B-4084-8A60-E116CB507460} = {0AAA112E-F497-4CC5-A206-B6EEF9FD6C10}
		{932B7301-0E37-4528-9C8E-E7C472B20032} = {0AAA112E-F497-4CC5-A206-B6EEF9FD6C10}
	EndGlobalSection
	GlobalSection(ExtensibilityGlobals) = postSolution
		SolutionGuid = {C79219EB-D9C9-4374-A14D-227E5C3A9451}
	EndGlobalSection
EndGlobal
