
Microsoft Visual Studio Solution File, Format Version 12.00
# Visual Studio Version 17
VisualStudioVersion = 17.1.31903.286
MinimumVisualStudioVersion = 10.0.40219.1
Project("{FAE04EC0-301F-11D3-BF4B-00C04F79EFBC}") = "Tizen.VisualStudio.VsixSetup", "Tizen.VisualStudio.VsixSetup\Tizen.VisualStudio.VsixSetup.csproj", "{17AD6982-0972-479B-977C-731D1B68F671}"
EndProject
Project("{2150E333-8FDC-42A3-9474-1A3956D46DE8}") = "build", "build", "{7957F06D-CF04-48E7-B35D-EE89FC9E940C}"
	ProjectSection(SolutionItems) = preProject
		..\build\Targets\Tizen.NET.ProjectType.props = ..\build\Targets\Tizen.NET.ProjectType.props
		..\build\Targets\Tizen.NET.ProjectType.targets = ..\build\Targets\Tizen.NET.ProjectType.targets
		..\build\Targets\Tizen.Settings.targets = ..\build\Targets\Tizen.Settings.targets
		..\build\Targets\Tizen.Versions.targets = ..\build\Targets\Tizen.Versions.targets
	EndProjectSection
EndProject
Project("{FAE04EC0-301F-11D3-BF4B-00C04F79EFBC}") = "Tizen.VisualStudio.ProjectSystem.VS", "Tizen.VisualStudio.ProjectSystem.VS\Tizen.VisualStudio.ProjectSystem.VS.csproj", "{4F56329A-1974-4E6F-8282-72589A605D58}"
EndProject
Project("{FAE04EC0-301F-11D3-BF4B-00C04F79EFBC}") = "Tizen.VisualStudio.ProjectSystem", "Tizen.VisualStudio.ProjectSystem\Tizen.VisualStudio.ProjectSystem.csproj", "{D407F9DE-E591-49FC-90AD-5584D3E64FD0}"
EndProject
Project("{FAE04EC0-301F-11D3-BF4B-00C04F79EFBC}") = "Tizen.VisualStudio.Tools", "Tizen.VisualStudio.Tools\Tizen.VisualStudio.Tools.csproj", "{D8138674-7365-4EC1-8D8C-81B8B5A1B845}"
EndProject
Project("{2150E333-8FDC-42A3-9474-1A3956D46DE8}") = "Profiler", "Profiler", "{1A58103D-5BEA-4C15-B41B-6E88B2322DC9}"
EndProject
Project("{2150E333-8FDC-42A3-9474-1A3956D46DE8}") = "LiveCharts", "LiveCharts", "{FB2D9FB7-2681-4C1E-AD98-355B1F5F4EFB}"
EndProject
Project("{FAE04EC0-301F-11D3-BF4B-00C04F79EFBC}") = "Core40", "Profiler\Live-Charts\Core40\Core40.csproj", "{F261C3D7-6194-4625-9516-044081B06028}"
EndProject
Project("{FAE04EC0-301F-11D3-BF4B-00C04F79EFBC}") = "WpfView", "Profiler\Live-Charts\WpfView\WpfView.csproj", "{4D253423-AE05-47F6-A59D-9162EC0BB1F2}"
EndProject
Project("{FAE04EC0-301F-11D3-BF4B-00C04F79EFBC}") = "NetCore.Profiler.Analytics", "Profiler\NetCore.Profiler.Analytics\NetCore.Profiler.Analytics.csproj", "{FCF895E7-92F0-43FD-AE98-CF3FDBF3B766}"
EndProject
Project("{FAE04EC0-301F-11D3-BF4B-00C04F79EFBC}") = "NetCore.Profiler.Common", "Profiler\NetCore.Profiler.Common\NetCore.Profiler.Common.csproj", "{CB8C29F2-DB71-4115-8BBB-3920BB4C78D9}"
EndProject
Project("{FAE04EC0-301F-11D3-BF4B-00C04F79EFBC}") = "NetCore.Profiler.Cperf.Core", "Profiler\NetCore.Profiler.Cperf.Core\NetCore.Profiler.Cperf.Core.csproj", "{F0720E54-B379-4DAE-A95E-A4D115CB48FB}"
EndProject
Project("{FAE04EC0-301F-11D3-BF4B-00C04F79EFBC}") = "NetCore.Profiler.Cperf.LogAdaptor.Core", "Profiler\NetCore.Profiler.Cperf.LogAdaptor.Core\NetCore.Profiler.Cperf.LogAdaptor.Core.csproj", "{5EC402F4-874B-4757-BCFC-8A0BD07E4111}"
EndProject
Project("{FAE04EC0-301F-11D3-BF4B-00C04F79EFBC}") = "NetCore.Profiler.Session.Core", "Profiler\NetCore.Profiler.Session.Core\NetCore.Profiler.Session.Core.csproj", "{3A7E5FDA-98F5-4C97-8CCB-3463CA95C166}"
EndProject
Project("{FAE04EC0-301F-11D3-BF4B-00C04F79EFBC}") = "NetCore.Profiler.Extension", "Profiler\NetCore.Profiler.Extension\NetCore.Profiler.Extension.csproj", "{7511DC49-D198-4546-AC61-E44BB1FC39B5}"
EndProject
Project("{2150E333-8FDC-42A3-9474-1A3956D46DE8}") = "Tools", "Tools", "{4643BD10-E515-4B17-86D9-8AE5B5F127E4}"
EndProject
Project("{FAE04EC0-301F-11D3-BF4B-00C04F79EFBC}") = "Tizen.VisualStudio.APIChecker", "Tools\Tizen.VisualStudio.APIChecker\Tizen.VisualStudio.APIChecker.csproj", "{7DADA217-E0D9-45DD-AE98-1EBE43552B55}"
EndProject
Project("{FAE04EC0-301F-11D3-BF4B-00C04F79EFBC}") = "NetCat", "Tools\NetCat\NetCat.csproj", "{60AE5A97-914E-4182-8779-B9A37980381F}"
EndProject
Project("{2150E333-8FDC-42A3-9474-1A3956D46DE8}") = "Templates", "Templates", "{CBBEA33D-ABA6-44E1-9093-5744C55FDC91}"
EndProject
Project("{FAE04EC0-301F-11D3-BF4B-00C04F79EFBC}") = "Tizen.Native.Template.BasicUI", "Templates\Tizen.Native.Template.BasicUI\Tizen.Native.Template.BasicUI.csproj", "{3A5D4AB2-CAC9-4871-BBCA-4D01DA800150}"
EndProject
Project("{FAE04EC0-301F-11D3-BF4B-00C04F79EFBC}") = "Tizen.Web.Template", "Templates\Tizen.Web.Template\Tizen.Web.Template.csproj", "{97CC5C16-809E-42B7-9A83-A366AF925A2A}"
EndProject
Project("{FAE04EC0-301F-11D3-BF4B-00C04F79EFBC}") = "Tizen.NET.Template", "Templates\Tizen.NET.Template\Tizen.NET.Template.csproj", "{B3B16D41-01E7-4FE1-BEA0-6F83B69BD4F9}"
EndProject
Global
	GlobalSection(SolutionConfigurationPlatforms) = preSolution
		Debug|Any CPU = Debug|Any CPU
		Debug|ARM = Debug|ARM
		Debug|ARM64 = Debug|ARM64
		Debug|x86 = Debug|x86
		Release|Any CPU = Release|Any CPU
		Release|ARM = Release|ARM
		Release|ARM64 = Release|ARM64
		Release|x86 = Release|x86
	EndGlobalSection
	GlobalSection(ProjectConfigurationPlatforms) = postSolution
		{17AD6982-0972-479B-977C-731D1B68F671}.Debug|Any CPU.ActiveCfg = Debug|Any CPU
		{17AD6982-0972-479B-977C-731D1B68F671}.Debug|Any CPU.Build.0 = Debug|Any CPU
		{17AD6982-0972-479B-977C-731D1B68F671}.Debug|ARM.ActiveCfg = Debug|Any CPU
		{17AD6982-0972-479B-977C-731D1B68F671}.Debug|ARM.Build.0 = Debug|Any CPU
		{17AD6982-0972-479B-977C-731D1B68F671}.Debug|ARM64.ActiveCfg = Debug|Any CPU
		{17AD6982-0972-479B-977C-731D1B68F671}.Debug|ARM64.Build.0 = Debug|Any CPU
		{17AD6982-0972-479B-977C-731D1B68F671}.Debug|x86.ActiveCfg = Debug|Any CPU
		{17AD6982-0972-479B-977C-731D1B68F671}.Debug|x86.Build.0 = Debug|Any CPU
		{17AD6982-0972-479B-977C-731D1B68F671}.Release|Any CPU.ActiveCfg = Release|Any CPU
		{17AD6982-0972-479B-977C-731D1B68F671}.Release|Any CPU.Build.0 = Release|Any CPU
		{17AD6982-0972-479B-977C-731D1B68F671}.Release|ARM.ActiveCfg = Release|Any CPU
		{17AD6982-0972-479B-977C-731D1B68F671}.Release|ARM.Build.0 = Release|Any CPU
		{17AD6982-0972-479B-977C-731D1B68F671}.Release|ARM64.ActiveCfg = Release|Any CPU
		{17AD6982-0972-479B-977C-731D1B68F671}.Release|ARM64.Build.0 = Release|Any CPU
		{17AD6982-0972-479B-977C-731D1B68F671}.Release|x86.ActiveCfg = Release|Any CPU
		{17AD6982-0972-479B-977C-731D1B68F671}.Release|x86.Build.0 = Release|Any CPU
		{4F56329A-1974-4E6F-8282-72589A605D58}.Debug|Any CPU.ActiveCfg = Debug|Any CPU
		{4F56329A-1974-4E6F-8282-72589A605D58}.Debug|Any CPU.Build.0 = Debug|Any CPU
		{4F56329A-1974-4E6F-8282-72589A605D58}.Debug|ARM.ActiveCfg = Debug|Any CPU
		{4F56329A-1974-4E6F-8282-72589A605D58}.Debug|ARM.Build.0 = Debug|Any CPU
		{4F56329A-1974-4E6F-8282-72589A605D58}.Debug|ARM64.ActiveCfg = Debug|Any CPU
		{4F56329A-1974-4E6F-8282-72589A605D58}.Debug|ARM64.Build.0 = Debug|Any CPU
		{4F56329A-1974-4E6F-8282-72589A605D58}.Debug|x86.ActiveCfg = Debug|Any CPU
		{4F56329A-1974-4E6F-8282-72589A605D58}.Debug|x86.Build.0 = Debug|Any CPU
		{4F56329A-1974-4E6F-8282-72589A605D58}.Release|Any CPU.ActiveCfg = Release|Any CPU
		{4F56329A-1974-4E6F-8282-72589A605D58}.Release|Any CPU.Build.0 = Release|Any CPU
		{4F56329A-1974-4E6F-8282-72589A605D58}.Release|ARM.ActiveCfg = Release|Any CPU
		{4F56329A-1974-4E6F-8282-72589A605D58}.Release|ARM.Build.0 = Release|Any CPU
		{4F56329A-1974-4E6F-8282-72589A605D58}.Release|ARM64.ActiveCfg = Release|Any CPU
		{4F56329A-1974-4E6F-8282-72589A605D58}.Release|ARM64.Build.0 = Release|Any CPU
		{4F56329A-1974-4E6F-8282-72589A605D58}.Release|x86.ActiveCfg = Release|Any CPU
		{4F56329A-1974-4E6F-8282-72589A605D58}.Release|x86.Build.0 = Release|Any CPU
		{D407F9DE-E591-49FC-90AD-5584D3E64FD0}.Debug|Any CPU.ActiveCfg = Debug|Any CPU
		{D407F9DE-E591-49FC-90AD-5584D3E64FD0}.Debug|Any CPU.Build.0 = Debug|Any CPU
		{D407F9DE-E591-49FC-90AD-5584D3E64FD0}.Debug|ARM.ActiveCfg = Debug|Any CPU
		{D407F9DE-E591-49FC-90AD-5584D3E64FD0}.Debug|ARM.Build.0 = Debug|Any CPU
		{D407F9DE-E591-49FC-90AD-5584D3E64FD0}.Debug|ARM64.ActiveCfg = Debug|Any CPU
		{D407F9DE-E591-49FC-90AD-5584D3E64FD0}.Debug|ARM64.Build.0 = Debug|Any CPU
		{D407F9DE-E591-49FC-90AD-5584D3E64FD0}.Debug|x86.ActiveCfg = Debug|Any CPU
		{D407F9DE-E591-49FC-90AD-5584D3E64FD0}.Debug|x86.Build.0 = Debug|Any CPU
		{D407F9DE-E591-49FC-90AD-5584D3E64FD0}.Release|Any CPU.ActiveCfg = Release|Any CPU
		{D407F9DE-E591-49FC-90AD-5584D3E64FD0}.Release|Any CPU.Build.0 = Release|Any CPU
		{D407F9DE-E591-49FC-90AD-5584D3E64FD0}.Release|ARM.ActiveCfg = Release|Any CPU
		{D407F9DE-E591-49FC-90AD-5584D3E64FD0}.Release|ARM.Build.0 = Release|Any CPU
		{D407F9DE-E591-49FC-90AD-5584D3E64FD0}.Release|ARM64.ActiveCfg = Release|Any CPU
		{D407F9DE-E591-49FC-90AD-5584D3E64FD0}.Release|ARM64.Build.0 = Release|Any CPU
		{D407F9DE-E591-49FC-90AD-5584D3E64FD0}.Release|x86.ActiveCfg = Release|Any CPU
		{D407F9DE-E591-49FC-90AD-5584D3E64FD0}.Release|x86.Build.0 = Release|Any CPU
		{D8138674-7365-4EC1-8D8C-81B8B5A1B845}.Debug|Any CPU.ActiveCfg = Debug|Any CPU
		{D8138674-7365-4EC1-8D8C-81B8B5A1B845}.Debug|Any CPU.Build.0 = Debug|Any CPU
		{D8138674-7365-4EC1-8D8C-81B8B5A1B845}.Debug|ARM.ActiveCfg = Debug|Any CPU
		{D8138674-7365-4EC1-8D8C-81B8B5A1B845}.Debug|ARM.Build.0 = Debug|Any CPU
		{D8138674-7365-4EC1-8D8C-81B8B5A1B845}.Debug|ARM64.ActiveCfg = Debug|Any CPU
		{D8138674-7365-4EC1-8D8C-81B8B5A1B845}.Debug|ARM64.Build.0 = Debug|Any CPU
		{D8138674-7365-4EC1-8D8C-81B8B5A1B845}.Debug|x86.ActiveCfg = Debug|Any CPU
		{D8138674-7365-4EC1-8D8C-81B8B5A1B845}.Debug|x86.Build.0 = Debug|Any CPU
		{D8138674-7365-4EC1-8D8C-81B8B5A1B845}.Release|Any CPU.ActiveCfg = Release|Any CPU
		{D8138674-7365-4EC1-8D8C-81B8B5A1B845}.Release|Any CPU.Build.0 = Release|Any CPU
		{D8138674-7365-4EC1-8D8C-81B8B5A1B845}.Release|ARM.ActiveCfg = Release|Any CPU
		{D8138674-7365-4EC1-8D8C-81B8B5A1B845}.Release|ARM.Build.0 = Release|Any CPU
		{D8138674-7365-4EC1-8D8C-81B8B5A1B845}.Release|ARM64.ActiveCfg = Release|Any CPU
		{D8138674-7365-4EC1-8D8C-81B8B5A1B845}.Release|ARM64.Build.0 = Release|Any CPU
		{D8138674-7365-4EC1-8D8C-81B8B5A1B845}.Release|x86.ActiveCfg = Release|Any CPU
		{D8138674-7365-4EC1-8D8C-81B8B5A1B845}.Release|x86.Build.0 = Release|Any CPU
		{F261C3D7-6194-4625-9516-044081B06028}.Debug|Any CPU.ActiveCfg = Debug|Any CPU
		{F261C3D7-6194-4625-9516-044081B06028}.Debug|Any CPU.Build.0 = Debug|Any CPU
		{F261C3D7-6194-4625-9516-044081B06028}.Debug|ARM.ActiveCfg = Debug|Any CPU
		{F261C3D7-6194-4625-9516-044081B06028}.Debug|ARM.Build.0 = Debug|Any CPU
		{F261C3D7-6194-4625-9516-044081B06028}.Debug|ARM64.ActiveCfg = Debug|Any CPU
		{F261C3D7-6194-4625-9516-044081B06028}.Debug|ARM64.Build.0 = Debug|Any CPU
		{F261C3D7-6194-4625-9516-044081B06028}.Debug|x86.ActiveCfg = Debug|Any CPU
		{F261C3D7-6194-4625-9516-044081B06028}.Debug|x86.Build.0 = Debug|Any CPU
		{F261C3D7-6194-4625-9516-044081B06028}.Release|Any CPU.ActiveCfg = Release|Any CPU
		{F261C3D7-6194-4625-9516-044081B06028}.Release|Any CPU.Build.0 = Release|Any CPU
		{F261C3D7-6194-4625-9516-044081B06028}.Release|ARM.ActiveCfg = Release|Any CPU
		{F261C3D7-6194-4625-9516-044081B06028}.Release|ARM.Build.0 = Release|Any CPU
		{F261C3D7-6194-4625-9516-044081B06028}.Release|ARM64.ActiveCfg = Release|Any CPU
		{F261C3D7-6194-4625-9516-044081B06028}.Release|ARM64.Build.0 = Release|Any CPU
		{F261C3D7-6194-4625-9516-044081B06028}.Release|x86.ActiveCfg = Release|Any CPU
		{F261C3D7-6194-4625-9516-044081B06028}.Release|x86.Build.0 = Release|Any CPU
		{4D253423-AE05-47F6-A59D-9162EC0BB1F2}.Debug|Any CPU.ActiveCfg = Debug|Any CPU
		{4D253423-AE05-47F6-A59D-9162EC0BB1F2}.Debug|Any CPU.Build.0 = Debug|Any CPU
		{4D253423-AE05-47F6-A59D-9162EC0BB1F2}.Debug|ARM.ActiveCfg = Debug|Any CPU
		{4D253423-AE05-47F6-A59D-9162EC0BB1F2}.Debug|ARM.Build.0 = Debug|Any CPU
		{4D253423-AE05-47F6-A59D-9162EC0BB1F2}.Debug|ARM64.ActiveCfg = Debug|Any CPU
		{4D253423-AE05-47F6-A59D-9162EC0BB1F2}.Debug|ARM64.Build.0 = Debug|Any CPU
		{4D253423-AE05-47F6-A59D-9162EC0BB1F2}.Debug|x86.ActiveCfg = Debug|Any CPU
		{4D253423-AE05-47F6-A59D-9162EC0BB1F2}.Debug|x86.Build.0 = Debug|Any CPU
		{4D253423-AE05-47F6-A59D-9162EC0BB1F2}.Release|Any CPU.ActiveCfg = Release|Any CPU
		{4D253423-AE05-47F6-A59D-9162EC0BB1F2}.Release|Any CPU.Build.0 = Release|Any CPU
		{4D253423-AE05-47F6-A59D-9162EC0BB1F2}.Release|ARM.ActiveCfg = Release|Any CPU
		{4D253423-AE05-47F6-A59D-9162EC0BB1F2}.Release|ARM.Build.0 = Release|Any CPU
		{4D253423-AE05-47F6-A59D-9162EC0BB1F2}.Release|ARM64.ActiveCfg = Release|Any CPU
		{4D253423-AE05-47F6-A59D-9162EC0BB1F2}.Release|ARM64.Build.0 = Release|Any CPU
		{4D253423-AE05-47F6-A59D-9162EC0BB1F2}.Release|x86.ActiveCfg = Release|Any CPU
		{4D253423-AE05-47F6-A59D-9162EC0BB1F2}.Release|x86.Build.0 = Release|Any CPU
		{FCF895E7-92F0-43FD-AE98-CF3FDBF3B766}.Debug|Any CPU.ActiveCfg = Debug|Any CPU
		{FCF895E7-92F0-43FD-AE98-CF3FDBF3B766}.Debug|Any CPU.Build.0 = Debug|Any CPU
		{FCF895E7-92F0-43FD-AE98-CF3FDBF3B766}.Debug|ARM.ActiveCfg = Debug|Any CPU
		{FCF895E7-92F0-43FD-AE98-CF3FDBF3B766}.Debug|ARM.Build.0 = Debug|Any CPU
		{FCF895E7-92F0-43FD-AE98-CF3FDBF3B766}.Debug|ARM64.ActiveCfg = Debug|Any CPU
		{FCF895E7-92F0-43FD-AE98-CF3FDBF3B766}.Debug|ARM64.Build.0 = Debug|Any CPU
		{FCF895E7-92F0-43FD-AE98-CF3FDBF3B766}.Debug|x86.ActiveCfg = Debug|Any CPU
		{FCF895E7-92F0-43FD-AE98-CF3FDBF3B766}.Debug|x86.Build.0 = Debug|Any CPU
		{FCF895E7-92F0-43FD-AE98-CF3FDBF3B766}.Release|Any CPU.ActiveCfg = Release|Any CPU
		{FCF895E7-92F0-43FD-AE98-CF3FDBF3B766}.Release|Any CPU.Build.0 = Release|Any CPU
		{FCF895E7-92F0-43FD-AE98-CF3FDBF3B766}.Release|ARM.ActiveCfg = Release|Any CPU
		{FCF895E7-92F0-43FD-AE98-CF3FDBF3B766}.Release|ARM.Build.0 = Release|Any CPU
		{FCF895E7-92F0-43FD-AE98-CF3FDBF3B766}.Release|ARM64.ActiveCfg = Release|Any CPU
		{FCF895E7-92F0-43FD-AE98-CF3FDBF3B766}.Release|ARM64.Build.0 = Release|Any CPU
		{FCF895E7-92F0-43FD-AE98-CF3FDBF3B766}.Release|x86.ActiveCfg = Release|Any CPU
		{FCF895E7-92F0-43FD-AE98-CF3FDBF3B766}.Release|x86.Build.0 = Release|Any CPU
		{CB8C29F2-DB71-4115-8BBB-3920BB4C78D9}.Debug|Any CPU.ActiveCfg = Debug|Any CPU
		{CB8C29F2-DB71-4115-8BBB-3920BB4C78D9}.Debug|Any CPU.Build.0 = Debug|Any CPU
		{CB8C29F2-DB71-4115-8BBB-3920BB4C78D9}.Debug|ARM.ActiveCfg = Debug|Any CPU
		{CB8C29F2-DB71-4115-8BBB-3920BB4C78D9}.Debug|ARM.Build.0 = Debug|Any CPU
		{CB8C29F2-DB71-4115-8BBB-3920BB4C78D9}.Debug|ARM64.ActiveCfg = Debug|Any CPU
		{CB8C29F2-DB71-4115-8BBB-3920BB4C78D9}.Debug|ARM64.Build.0 = Debug|Any CPU
		{CB8C29F2-DB71-4115-8BBB-3920BB4C78D9}.Debug|x86.ActiveCfg = Debug|Any CPU
		{CB8C29F2-DB71-4115-8BBB-3920BB4C78D9}.Debug|x86.Build.0 = Debug|Any CPU
		{CB8C29F2-DB71-4115-8BBB-3920BB4C78D9}.Release|Any CPU.ActiveCfg = Release|Any CPU
		{CB8C29F2-DB71-4115-8BBB-3920BB4C78D9}.Release|Any CPU.Build.0 = Release|Any CPU
		{CB8C29F2-DB71-4115-8BBB-3920BB4C78D9}.Release|ARM.ActiveCfg = Release|Any CPU
		{CB8C29F2-DB71-4115-8BBB-3920BB4C78D9}.Release|ARM.Build.0 = Release|Any CPU
		{CB8C29F2-DB71-4115-8BBB-3920BB4C78D9}.Release|ARM64.ActiveCfg = Release|Any CPU
		{CB8C29F2-DB71-4115-8BBB-3920BB4C78D9}.Release|ARM64.Build.0 = Release|Any CPU
		{CB8C29F2-DB71-4115-8BBB-3920BB4C78D9}.Release|x86.ActiveCfg = Release|Any CPU
		{CB8C29F2-DB71-4115-8BBB-3920BB4C78D9}.Release|x86.Build.0 = Release|Any CPU
		{F0720E54-B379-4DAE-A95E-A4D115CB48FB}.Debug|Any CPU.ActiveCfg = Debug|Any CPU
		{F0720E54-B379-4DAE-A95E-A4D115CB48FB}.Debug|Any CPU.Build.0 = Debug|Any CPU
		{F0720E54-B379-4DAE-A95E-A4D115CB48FB}.Debug|ARM.ActiveCfg = Debug|Any CPU
		{F0720E54-B379-4DAE-A95E-A4D115CB48FB}.Debug|ARM.Build.0 = Debug|Any CPU
		{F0720E54-B379-4DAE-A95E-A4D115CB48FB}.Debug|ARM64.ActiveCfg = Debug|Any CPU
		{F0720E54-B379-4DAE-A95E-A4D115CB48FB}.Debug|ARM64.Build.0 = Debug|Any CPU
		{F0720E54-B379-4DAE-A95E-A4D115CB48FB}.Debug|x86.ActiveCfg = Debug|Any CPU
		{F0720E54-B379-4DAE-A95E-A4D115CB48FB}.Debug|x86.Build.0 = Debug|Any CPU
		{F0720E54-B379-4DAE-A95E-A4D115CB48FB}.Release|Any CPU.ActiveCfg = Release|Any CPU
		{F0720E54-B379-4DAE-A95E-A4D115CB48FB}.Release|Any CPU.Build.0 = Release|Any CPU
		{F0720E54-B379-4DAE-A95E-A4D115CB48FB}.Release|ARM.ActiveCfg = Release|Any CPU
		{F0720E54-B379-4DAE-A95E-A4D115CB48FB}.Release|ARM.Build.0 = Release|Any CPU
		{F0720E54-B379-4DAE-A95E-A4D115CB48FB}.Release|ARM64.ActiveCfg = Release|Any CPU
		{F0720E54-B379-4DAE-A95E-A4D115CB48FB}.Release|ARM64.Build.0 = Release|Any CPU
		{F0720E54-B379-4DAE-A95E-A4D115CB48FB}.Release|x86.ActiveCfg = Release|Any CPU
		{F0720E54-B379-4DAE-A95E-A4D115CB48FB}.Release|x86.Build.0 = Release|Any CPU
		{5EC402F4-874B-4757-BCFC-8A0BD07E4111}.Debug|Any CPU.ActiveCfg = Debug|Any CPU
		{5EC402F4-874B-4757-BCFC-8A0BD07E4111}.Debug|Any CPU.Build.0 = Debug|Any CPU
		{5EC402F4-874B-4757-BCFC-8A0BD07E4111}.Debug|ARM.ActiveCfg = Debug|Any CPU
		{5EC402F4-874B-4757-BCFC-8A0BD07E4111}.Debug|ARM.Build.0 = Debug|Any CPU
		{5EC402F4-874B-4757-BCFC-8A0BD07E4111}.Debug|ARM64.ActiveCfg = Debug|Any CPU
		{5EC402F4-874B-4757-BCFC-8A0BD07E4111}.Debug|ARM64.Build.0 = Debug|Any CPU
		{5EC402F4-874B-4757-BCFC-8A0BD07E4111}.Debug|x86.ActiveCfg = Debug|Any CPU
		{5EC402F4-874B-4757-BCFC-8A0BD07E4111}.Debug|x86.Build.0 = Debug|Any CPU
		{5EC402F4-874B-4757-BCFC-8A0BD07E4111}.Release|Any CPU.ActiveCfg = Release|Any CPU
		{5EC402F4-874B-4757-BCFC-8A0BD07E4111}.Release|Any CPU.Build.0 = Release|Any CPU
		{5EC402F4-874B-4757-BCFC-8A0BD07E4111}.Release|ARM.ActiveCfg = Release|Any CPU
		{5EC402F4-874B-4757-BCFC-8A0BD07E4111}.Release|ARM.Build.0 = Release|Any CPU
		{5EC402F4-874B-4757-BCFC-8A0BD07E4111}.Release|ARM64.ActiveCfg = Release|Any CPU
		{5EC402F4-874B-4757-BCFC-8A0BD07E4111}.Release|ARM64.Build.0 = Release|Any CPU
		{5EC402F4-874B-4757-BCFC-8A0BD07E4111}.Release|x86.ActiveCfg = Release|Any CPU
		{5EC402F4-874B-4757-BCFC-8A0BD07E4111}.Release|x86.Build.0 = Release|Any CPU
		{3A7E5FDA-98F5-4C97-8CCB-3463CA95C166}.Debug|Any CPU.ActiveCfg = Debug|Any CPU
		{3A7E5FDA-98F5-4C97-8CCB-3463CA95C166}.Debug|Any CPU.Build.0 = Debug|Any CPU
		{3A7E5FDA-98F5-4C97-8CCB-3463CA95C166}.Debug|ARM.ActiveCfg = Debug|Any CPU
		{3A7E5FDA-98F5-4C97-8CCB-3463CA95C166}.Debug|ARM.Build.0 = Debug|Any CPU
		{3A7E5FDA-98F5-4C97-8CCB-3463CA95C166}.Debug|ARM64.ActiveCfg = Debug|Any CPU
		{3A7E5FDA-98F5-4C97-8CCB-3463CA95C166}.Debug|ARM64.Build.0 = Debug|Any CPU
		{3A7E5FDA-98F5-4C97-8CCB-3463CA95C166}.Debug|x86.ActiveCfg = Debug|Any CPU
		{3A7E5FDA-98F5-4C97-8CCB-3463CA95C166}.Debug|x86.Build.0 = Debug|Any CPU
		{3A7E5FDA-98F5-4C97-8CCB-3463CA95C166}.Release|Any CPU.ActiveCfg = Release|Any CPU
		{3A7E5FDA-98F5-4C97-8CCB-3463CA95C166}.Release|Any CPU.Build.0 = Release|Any CPU
		{3A7E5FDA-98F5-4C97-8CCB-3463CA95C166}.Release|ARM.ActiveCfg = Release|Any CPU
		{3A7E5FDA-98F5-4C97-8CCB-3463CA95C166}.Release|ARM.Build.0 = Release|Any CPU
		{3A7E5FDA-98F5-4C97-8CCB-3463CA95C166}.Release|ARM64.ActiveCfg = Release|Any CPU
		{3A7E5FDA-98F5-4C97-8CCB-3463CA95C166}.Release|ARM64.Build.0 = Release|Any CPU
		{3A7E5FDA-98F5-4C97-8CCB-3463CA95C166}.Release|x86.ActiveCfg = Release|Any CPU
		{3A7E5FDA-98F5-4C97-8CCB-3463CA95C166}.Release|x86.Build.0 = Release|Any CPU
		{7511DC49-D198-4546-AC61-E44BB1FC39B5}.Debug|Any CPU.ActiveCfg = Debug|Any CPU
		{7511DC49-D198-4546-AC61-E44BB1FC39B5}.Debug|Any CPU.Build.0 = Debug|Any CPU
		{7511DC49-D198-4546-AC61-E44BB1FC39B5}.Debug|ARM.ActiveCfg = Debug|Any CPU
		{7511DC49-D198-4546-AC61-E44BB1FC39B5}.Debug|ARM.Build.0 = Debug|Any CPU
		{7511DC49-D198-4546-AC61-E44BB1FC39B5}.Debug|ARM64.ActiveCfg = Debug|Any CPU
		{7511DC49-D198-4546-AC61-E44BB1FC39B5}.Debug|ARM64.Build.0 = Debug|Any CPU
		{7511DC49-D198-4546-AC61-E44BB1FC39B5}.Debug|x86.ActiveCfg = Debug|Any CPU
		{7511DC49-D198-4546-AC61-E44BB1FC39B5}.Debug|x86.Build.0 = Debug|Any CPU
		{7511DC49-D198-4546-AC61-E44BB1FC39B5}.Release|Any CPU.ActiveCfg = Release|Any CPU
		{7511DC49-D198-4546-AC61-E44BB1FC39B5}.Release|Any CPU.Build.0 = Release|Any CPU
		{7511DC49-D198-4546-AC61-E44BB1FC39B5}.Release|ARM.ActiveCfg = Release|Any CPU
		{7511DC49-D198-4546-AC61-E44BB1FC39B5}.Release|ARM.Build.0 = Release|Any CPU
		{7511DC49-D198-4546-AC61-E44BB1FC39B5}.Release|ARM64.ActiveCfg = Release|Any CPU
		{7511DC49-D198-4546-AC61-E44BB1FC39B5}.Release|ARM64.Build.0 = Release|Any CPU
		{7511DC49-D198-4546-AC61-E44BB1FC39B5}.Release|x86.ActiveCfg = Release|Any CPU
		{7511DC49-D198-4546-AC61-E44BB1FC39B5}.Release|x86.Build.0 = Release|Any CPU
		{7DADA217-E0D9-45DD-AE98-1EBE43552B55}.Debug|Any CPU.ActiveCfg = Debug|Any CPU
		{7DADA217-E0D9-45DD-AE98-1EBE43552B55}.Debug|Any CPU.Build.0 = Debug|Any CPU
		{7DADA217-E0D9-45DD-AE98-1EBE43552B55}.Debug|ARM.ActiveCfg = Debug|Any CPU
		{7DADA217-E0D9-45DD-AE98-1EBE43552B55}.Debug|ARM.Build.0 = Debug|Any CPU
		{7DADA217-E0D9-45DD-AE98-1EBE43552B55}.Debug|ARM64.ActiveCfg = Debug|Any CPU
		{7DADA217-E0D9-45DD-AE98-1EBE43552B55}.Debug|ARM64.Build.0 = Debug|Any CPU
		{7DADA217-E0D9-45DD-AE98-1EBE43552B55}.Debug|x86.ActiveCfg = Debug|Any CPU
		{7DADA217-E0D9-45DD-AE98-1EBE43552B55}.Debug|x86.Build.0 = Debug|Any CPU
		{7DADA217-E0D9-45DD-AE98-1EBE43552B55}.Release|Any CPU.ActiveCfg = Release|Any CPU
		{7DADA217-E0D9-45DD-AE98-1EBE43552B55}.Release|Any CPU.Build.0 = Release|Any CPU
		{7DADA217-E0D9-45DD-AE98-1EBE43552B55}.Release|ARM.ActiveCfg = Release|Any CPU
		{7DADA217-E0D9-45DD-AE98-1EBE43552B55}.Release|ARM.Build.0 = Release|Any CPU
		{7DADA217-E0D9-45DD-AE98-1EBE43552B55}.Release|ARM64.ActiveCfg = Release|Any CPU
		{7DADA217-E0D9-45DD-AE98-1EBE43552B55}.Release|ARM64.Build.0 = Release|Any CPU
		{7DADA217-E0D9-45DD-AE98-1EBE43552B55}.Release|x86.ActiveCfg = Release|Any CPU
		{7DADA217-E0D9-45DD-AE98-1EBE43552B55}.Release|x86.Build.0 = Release|Any CPU
		{60AE5A97-914E-4182-8779-B9A37980381F}.Debug|Any CPU.ActiveCfg = Debug|Any CPU
		{60AE5A97-914E-4182-8779-B9A37980381F}.Debug|Any CPU.Build.0 = Debug|Any CPU
		{60AE5A97-914E-4182-8779-B9A37980381F}.Debug|ARM.ActiveCfg = Debug|Any CPU
		{60AE5A97-914E-4182-8779-B9A37980381F}.Debug|ARM.Build.0 = Debug|Any CPU
		{60AE5A97-914E-4182-8779-B9A37980381F}.Debug|ARM64.ActiveCfg = Debug|Any CPU
		{60AE5A97-914E-4182-8779-B9A37980381F}.Debug|ARM64.Build.0 = Debug|Any CPU
		{60AE5A97-914E-4182-8779-B9A37980381F}.Debug|x86.ActiveCfg = Debug|Any CPU
		{60AE5A97-914E-4182-8779-B9A37980381F}.Debug|x86.Build.0 = Debug|Any CPU
		{60AE5A97-914E-4182-8779-B9A37980381F}.Release|Any CPU.ActiveCfg = Release|Any CPU
		{60AE5A97-914E-4182-8779-B9A37980381F}.Release|Any CPU.Build.0 = Release|Any CPU
		{60AE5A97-914E-4182-8779-B9A37980381F}.Release|ARM.ActiveCfg = Release|Any CPU
		{60AE5A97-914E-4182-8779-B9A37980381F}.Release|ARM.Build.0 = Release|Any CPU
		{60AE5A97-914E-4182-8779-B9A37980381F}.Release|ARM64.ActiveCfg = Release|Any CPU
		{60AE5A97-914E-4182-8779-B9A37980381F}.Release|ARM64.Build.0 = Release|Any CPU
		{60AE5A97-914E-4182-8779-B9A37980381F}.Release|x86.ActiveCfg = Release|Any CPU
		{60AE5A97-914E-4182-8779-B9A37980381F}.Release|x86.Build.0 = Release|Any CPU
		{3A5D4AB2-CAC9-4871-BBCA-4D01DA800150}.Debug|Any CPU.ActiveCfg = Debug|Any CPU
		{3A5D4AB2-CAC9-4871-BBCA-4D01DA800150}.Debug|Any CPU.Build.0 = Debug|Any CPU
		{3A5D4AB2-CAC9-4871-BBCA-4D01DA800150}.Debug|ARM.ActiveCfg = Debug|Any CPU
		{3A5D4AB2-CAC9-4871-BBCA-4D01DA800150}.Debug|ARM.Build.0 = Debug|Any CPU
		{3A5D4AB2-CAC9-4871-BBCA-4D01DA800150}.Debug|ARM64.ActiveCfg = Debug|Any CPU
		{3A5D4AB2-CAC9-4871-BBCA-4D01DA800150}.Debug|ARM64.Build.0 = Debug|Any CPU
		{3A5D4AB2-CAC9-4871-BBCA-4D01DA800150}.Debug|x86.ActiveCfg = Debug|Any CPU
		{3A5D4AB2-CAC9-4871-BBCA-4D01DA800150}.Debug|x86.Build.0 = Debug|Any CPU
		{3A5D4AB2-CAC9-4871-BBCA-4D01DA800150}.Release|Any CPU.ActiveCfg = Release|Any CPU
		{3A5D4AB2-CAC9-4871-BBCA-4D01DA800150}.Release|Any CPU.Build.0 = Release|Any CPU
		{3A5D4AB2-CAC9-4871-BBCA-4D01DA800150}.Release|ARM.ActiveCfg = Release|Any CPU
		{3A5D4AB2-CAC9-4871-BBCA-4D01DA800150}.Release|ARM.Build.0 = Release|Any CPU
		{3A5D4AB2-CAC9-4871-BBCA-4D01DA800150}.Release|ARM64.ActiveCfg = Release|Any CPU
		{3A5D4AB2-CAC9-4871-BBCA-4D01DA800150}.Release|ARM64.Build.0 = Release|Any CPU
		{3A5D4AB2-CAC9-4871-BBCA-4D01DA800150}.Release|x86.ActiveCfg = Release|Any CPU
		{3A5D4AB2-CAC9-4871-BBCA-4D01DA800150}.Release|x86.Build.0 = Release|Any CPU
		{97CC5C16-809E-42B7-9A83-A366AF925A2A}.Debug|Any CPU.ActiveCfg = Debug|Any CPU
		{97CC5C16-809E-42B7-9A83-A366AF925A2A}.Debug|Any CPU.Build.0 = Debug|Any CPU
		{97CC5C16-809E-42B7-9A83-A366AF925A2A}.Debug|ARM.ActiveCfg = Debug|Any CPU
		{97CC5C16-809E-42B7-9A83-A366AF925A2A}.Debug|ARM.Build.0 = Debug|Any CPU
		{97CC5C16-809E-42B7-9A83-A366AF925A2A}.Debug|ARM64.ActiveCfg = Debug|Any CPU
		{97CC5C16-809E-42B7-9A83-A366AF925A2A}.Debug|ARM64.Build.0 = Debug|Any CPU
		{97CC5C16-809E-42B7-9A83-A366AF925A2A}.Debug|x86.ActiveCfg = Debug|Any CPU
		{97CC5C16-809E-42B7-9A83-A366AF925A2A}.Debug|x86.Build.0 = Debug|Any CPU
		{97CC5C16-809E-42B7-9A83-A366AF925A2A}.Release|Any CPU.ActiveCfg = Release|Any CPU
		{97CC5C16-809E-42B7-9A83-A366AF925A2A}.Release|Any CPU.Build.0 = Release|Any CPU
		{97CC5C16-809E-42B7-9A83-A366AF925A2A}.Release|ARM.ActiveCfg = Release|Any CPU
		{97CC5C16-809E-42B7-9A83-A366AF925A2A}.Release|ARM.Build.0 = Release|Any CPU
		{97CC5C16-809E-42B7-9A83-A366AF925A2A}.Release|ARM64.ActiveCfg = Release|Any CPU
		{97CC5C16-809E-42B7-9A83-A366AF925A2A}.Release|ARM64.Build.0 = Release|Any CPU
		{97CC5C16-809E-42B7-9A83-A366AF925A2A}.Release|x86.ActiveCfg = Release|Any CPU
		{97CC5C16-809E-42B7-9A83-A366AF925A2A}.Release|x86.Build.0 = Release|Any CPU
		{B3B16D41-01E7-4FE1-BEA0-6F83B69BD4F9}.Debug|Any CPU.ActiveCfg = Debug|Any CPU
		{B3B16D41-01E7-4FE1-BEA0-6F83B69BD4F9}.Debug|Any CPU.Build.0 = Debug|Any CPU
		{B3B16D41-01E7-4FE1-BEA0-6F83B69BD4F9}.Debug|ARM.ActiveCfg = Debug|Any CPU
		{B3B16D41-01E7-4FE1-BEA0-6F83B69BD4F9}.Debug|ARM.Build.0 = Debug|Any CPU
		{B3B16D41-01E7-4FE1-BEA0-6F83B69BD4F9}.Debug|ARM64.ActiveCfg = Debug|Any CPU
		{B3B16D41-01E7-4FE1-BEA0-6F83B69BD4F9}.Debug|ARM64.Build.0 = Debug|Any CPU
		{B3B16D41-01E7-4FE1-BEA0-6F83B69BD4F9}.Debug|x86.ActiveCfg = Debug|x86
		{B3B16D41-01E7-4FE1-BEA0-6F83B69BD4F9}.Debug|x86.Build.0 = Debug|x86
		{B3B16D41-01E7-4FE1-BEA0-6F83B69BD4F9}.Release|Any CPU.ActiveCfg = Release|Any CPU
		{B3B16D41-01E7-4FE1-BEA0-6F83B69BD4F9}.Release|Any CPU.Build.0 = Release|Any CPU
		{B3B16D41-01E7-4FE1-BEA0-6F83B69BD4F9}.Release|ARM.ActiveCfg = Release|Any CPU
		{B3B16D41-01E7-4FE1-BEA0-6F83B69BD4F9}.Release|ARM.Build.0 = Release|Any CPU
		{B3B16D41-01E7-4FE1-BEA0-6F83B69BD4F9}.Release|ARM64.ActiveCfg = Release|Any CPU
		{B3B16D41-01E7-4FE1-BEA0-6F83B69BD4F9}.Release|ARM64.Build.0 = Release|Any CPU
		{B3B16D41-01E7-4FE1-BEA0-6F83B69BD4F9}.Release|x86.ActiveCfg = Release|x86
		{B3B16D41-01E7-4FE1-BEA0-6F83B69BD4F9}.Release|x86.Build.0 = Release|x86
	EndGlobalSection
	GlobalSection(SolutionProperties) = preSolution
		HideSolutionNode = FALSE
	EndGlobalSection
	GlobalSection(NestedProjects) = preSolution
		{FB2D9FB7-2681-4C1E-AD98-355B1F5F4EFB} = {1A58103D-5BEA-4C15-B41B-6E88B2322DC9}
		{F261C3D7-6194-4625-9516-044081B06028} = {FB2D9FB7-2681-4C1E-AD98-355B1F5F4EFB}
		{4D253423-AE05-47F6-A59D-9162EC0BB1F2} = {FB2D9FB7-2681-4C1E-AD98-355B1F5F4EFB}
		{FCF895E7-92F0-43FD-AE98-CF3FDBF3B766} = {1A58103D-5BEA-4C15-B41B-6E88B2322DC9}
		{CB8C29F2-DB71-4115-8BBB-3920BB4C78D9} = {1A58103D-5BEA-4C15-B41B-6E88B2322DC9}
		{F0720E54-B379-4DAE-A95E-A4D115CB48FB} = {1A58103D-5BEA-4C15-B41B-6E88B2322DC9}
		{5EC402F4-874B-4757-BCFC-8A0BD07E4111} = {1A58103D-5BEA-4C15-B41B-6E88B2322DC9}
		{3A7E5FDA-98F5-4C97-8CCB-3463CA95C166} = {1A58103D-5BEA-4C15-B41B-6E88B2322DC9}
		{7511DC49-D198-4546-AC61-E44BB1FC39B5} = {1A58103D-5BEA-4C15-B41B-6E88B2322DC9}
		{7DADA217-E0D9-45DD-AE98-1EBE43552B55} = {4643BD10-E515-4B17-86D9-8AE5B5F127E4}
		{60AE5A97-914E-4182-8779-B9A37980381F} = {4643BD10-E515-4B17-86D9-8AE5B5F127E4}
		{3A5D4AB2-CAC9-4871-BBCA-4D01DA800150} = {CBBEA33D-ABA6-44E1-9093-5744C55FDC91}
		{97CC5C16-809E-42B7-9A83-A366AF925A2A} = {CBBEA33D-ABA6-44E1-9093-5744C55FDC91}
		{B3B16D41-01E7-4FE1-BEA0-6F83B69BD4F9} = {CBBEA33D-ABA6-44E1-9093-5744C55FDC91}
	EndGlobalSection
	GlobalSection(ExtensibilityGlobals) = postSolution
		SolutionGuid = {C79219EB-D9C9-4374-A14D-227E5C3A9451}
	EndGlobalSection
EndGlobal
